// !$*UTF8*$!
{
	archiveVersion = 1;
	classes = {
	};
	objectVersion = 56;
	objects = {

/* Begin PBXBuildFile section */
		720F3CAA2B3A71D500946F44 /* ImageCommentsEndpoint.swift in Sources */ = {isa = PBXBuildFile; fileRef = 720F3CA92B3A71D500946F44 /* ImageCommentsEndpoint.swift */; };
		720F3CAC2B3CF7A800946F44 /* ImageCommentsEndpointTests.swift in Sources */ = {isa = PBXBuildFile; fileRef = 720F3CAB2B3CF7A800946F44 /* ImageCommentsEndpointTests.swift */; };
		7211DB1D29F2B9A0004A031D /* FeedCacheTestHelpers.swift in Sources */ = {isa = PBXBuildFile; fileRef = 7211DB1C29F2B9A0004A031D /* FeedCacheTestHelpers.swift */; };
		7211DB1F29F2BB00004A031D /* SharedTestHelpers.swift in Sources */ = {isa = PBXBuildFile; fileRef = 7211DB1E29F2BB00004A031D /* SharedTestHelpers.swift */; };
		7217D0E829E17E1000E6D75D /* LocalFeedImage.swift in Sources */ = {isa = PBXBuildFile; fileRef = 7217D0E729E17E1000E6D75D /* LocalFeedImage.swift */; };
		721BF8752A94DD4800B3E64E /* CoreDataFeedStore+FeedStore.swift in Sources */ = {isa = PBXBuildFile; fileRef = 721BF8742A94DD4800B3E64E /* CoreDataFeedStore+FeedStore.swift */; };
		722554872AF1D1A200E223BC /* LoadResourcePresenterTests.swift in Sources */ = {isa = PBXBuildFile; fileRef = 722554862AF1D1A200E223BC /* LoadResourcePresenterTests.swift */; };
		7225548A2AF1E55B00E223BC /* LoadResourcePresenter.swift in Sources */ = {isa = PBXBuildFile; fileRef = 722554892AF1E55B00E223BC /* LoadResourcePresenter.swift */; };
		7225548E2AF3433800E223BC /* SharedLocalizationTests.swift in Sources */ = {isa = PBXBuildFile; fileRef = 7225548D2AF3433800E223BC /* SharedLocalizationTests.swift */; };
		7225548F2AF4779100E223BC /* Shared.strings in Resources */ = {isa = PBXBuildFile; fileRef = 722554912AF4779100E223BC /* Shared.strings */; };
		722620862A7EE9E40080A17F /* FeedLocalizationTests.swift in Sources */ = {isa = PBXBuildFile; fileRef = 7277A9792A6F936500E3FA8D /* FeedLocalizationTests.swift */; };
		722620882A7F80CB0080A17F /* FeedImagePresenterTests.swift in Sources */ = {isa = PBXBuildFile; fileRef = 722620872A7F80CB0080A17F /* FeedImagePresenterTests.swift */; };
		7226F7EC2AAEC45500408EE6 /* EssentialFeediOS.framework in Frameworks */ = {isa = PBXBuildFile; fileRef = 729D51CA2A4E9E7C009CB3F9 /* EssentialFeediOS.framework */; };
		7226F7F52AAEC53300408EE6 /* FeedSnapshotTests.swift in Sources */ = {isa = PBXBuildFile; fileRef = 7226F7F42AAEC53300408EE6 /* FeedSnapshotTests.swift */; };
		7226F7F82AAED96900408EE6 /* UIImage+TestHelpers.swift in Sources */ = {isa = PBXBuildFile; fileRef = 7226F7F72AAED96900408EE6 /* UIImage+TestHelpers.swift */; };
		722AEC6F2A7B679500D4F051 /* FeedPresenterTests.swift in Sources */ = {isa = PBXBuildFile; fileRef = 722AEC6E2A7B679500D4F051 /* FeedPresenterTests.swift */; };
		723503FD2A8B426300C2EA69 /* HTTPURLResponse+StatusCode.swift in Sources */ = {isa = PBXBuildFile; fileRef = 723503FC2A8B426300C2EA69 /* HTTPURLResponse+StatusCode.swift */; };
		723504002A8B447700C2EA69 /* URLProtocolStub.swift in Sources */ = {isa = PBXBuildFile; fileRef = 723503FF2A8B447700C2EA69 /* URLProtocolStub.swift */; };
		7238098529F453F60009D548 /* FeedCachePolicy.swift in Sources */ = {isa = PBXBuildFile; fileRef = 7238098429F453F60009D548 /* FeedCachePolicy.swift */; };
		7238499029D9A35800E50D8F /* CacheFeedUseCaseTests.swift in Sources */ = {isa = PBXBuildFile; fileRef = 7238498F29D9A35800E50D8F /* CacheFeedUseCaseTests.swift */; };
		7238499329DD64D100E50D8F /* LocalFeedLoader.swift in Sources */ = {isa = PBXBuildFile; fileRef = 7238499229DD64D100E50D8F /* LocalFeedLoader.swift */; };
		7238499529DD652400E50D8F /* FeedStore.swift in Sources */ = {isa = PBXBuildFile; fileRef = 7238499429DD652400E50D8F /* FeedStore.swift */; };
		723A9B4E2A905BD5002D2E47 /* FeedImageDataStoreSpy.swift in Sources */ = {isa = PBXBuildFile; fileRef = 723A9B4D2A905BD5002D2E47 /* FeedImageDataStoreSpy.swift */; };
		723A9B502A905CC9002D2E47 /* CacheFeedImageDataUseCaseTests.swift in Sources */ = {isa = PBXBuildFile; fileRef = 723A9B4F2A905CC9002D2E47 /* CacheFeedImageDataUseCaseTests.swift */; };
		723BF7A72AD13209002ACF4C /* ImageCommentsMapperTests.swift in Sources */ = {isa = PBXBuildFile; fileRef = 723BF7A62AD13209002ACF4C /* ImageCommentsMapperTests.swift */; };
		723D122429BBB1AC00A3E035 /* XCTTestCase+MemoryLeakTrcaking.swift in Sources */ = {isa = PBXBuildFile; fileRef = 723D122329BBB1AC00A3E035 /* XCTTestCase+MemoryLeakTrcaking.swift */; };
		723D68412B05ACEC00A9C9D8 /* ImageCommentsPresenterTests.swift in Sources */ = {isa = PBXBuildFile; fileRef = 723D68402B05ACEC00A9C9D8 /* ImageCommentsPresenterTests.swift */; };
		723D68442B05AF9000A9C9D8 /* ImageCommentsPresenter.swift in Sources */ = {isa = PBXBuildFile; fileRef = 723D68432B05AF9000A9C9D8 /* ImageCommentsPresenter.swift */; };
		723D68482B07022800A9C9D8 /* ImageCommentsLocalizationTests.swift in Sources */ = {isa = PBXBuildFile; fileRef = 723D68472B07022800A9C9D8 /* ImageCommentsLocalizationTests.swift */; };
		723D68492B07083600A9C9D8 /* ImageComments.strings in Resources */ = {isa = PBXBuildFile; fileRef = 723D684B2B07083600A9C9D8 /* ImageComments.strings */; };
		723D93D72A7ED65800EA0D04 /* FeedPresenter.swift in Sources */ = {isa = PBXBuildFile; fileRef = 723D93D62A7ED65800EA0D04 /* FeedPresenter.swift */; };
		723D93D82A7ED7E600EA0D04 /* Feed.strings in Resources */ = {isa = PBXBuildFile; fileRef = 723D93D22A7EB44100EA0D04 /* Feed.strings */; };
		723D93DA2A7ED8AD00EA0D04 /* ResourceErrorViewModel.swift in Sources */ = {isa = PBXBuildFile; fileRef = 723D93D92A7ED8AD00EA0D04 /* ResourceErrorViewModel.swift */; };
		723D93DC2A7ED8E700EA0D04 /* ResourceLoadingViewModel.swift in Sources */ = {isa = PBXBuildFile; fileRef = 723D93DB2A7ED8E700EA0D04 /* ResourceLoadingViewModel.swift */; };
		724005C72A7A5C54002908F3 /* ErrorView.swift in Sources */ = {isa = PBXBuildFile; fileRef = 724005C62A7A5C54002908F3 /* ErrorView.swift */; };
		724005CC2A7A80E5002908F3 /* UIRefreshControl+Helpers.swift in Sources */ = {isa = PBXBuildFile; fileRef = 724005CB2A7A80E5002908F3 /* UIRefreshControl+Helpers.swift */; };
		72459C4E29E6CC3E001601A8 /* LoadFeedFromCacheUseCaseTests.swift in Sources */ = {isa = PBXBuildFile; fileRef = 72459C4D29E6CC3E001601A8 /* LoadFeedFromCacheUseCaseTests.swift */; };
		72459C5029E6CFA9001601A8 /* FeedStoreSpy.swift in Sources */ = {isa = PBXBuildFile; fileRef = 72459C4F29E6CFA9001601A8 /* FeedStoreSpy.swift */; };
		72463A7C2A91C9B100A5855B /* CoreDataFeedImageDataStoreTests.swift in Sources */ = {isa = PBXBuildFile; fileRef = 72463A7B2A91C9B100A5855B /* CoreDataFeedImageDataStoreTests.swift */; };
		7248305029BCA59A00EE4326 /* URLSessionHTTPClient.swift in Sources */ = {isa = PBXBuildFile; fileRef = 7248304F29BCA59A00EE4326 /* URLSessionHTTPClient.swift */; };
		7249D04529AFC484008D301D /* URLSessionHTTPClientTests.swift in Sources */ = {isa = PBXBuildFile; fileRef = 7249D04429AFC484008D301D /* URLSessionHTTPClientTests.swift */; };
		724C16C82B5D23E50049D817 /* LoadMoreCellController.swift in Sources */ = {isa = PBXBuildFile; fileRef = 724C16C72B5D23E50049D817 /* LoadMoreCellController.swift */; };
		724C16CA2B5D341E0049D817 /* LoadMoreCell.swift in Sources */ = {isa = PBXBuildFile; fileRef = 724C16C92B5D341E0049D817 /* LoadMoreCell.swift */; };
		725557472A68FD9400142609 /* Feed.storyboard in Resources */ = {isa = PBXBuildFile; fileRef = 725557462A68FD9400142609 /* Feed.storyboard */; };
		725557492A68FF6000142609 /* Feed.xcassets in Resources */ = {isa = PBXBuildFile; fileRef = 725557482A68FF6000142609 /* Feed.xcassets */; };
		7258E90B2A5B0769002A8282 /* FeedImageCellController.swift in Sources */ = {isa = PBXBuildFile; fileRef = 7258E90A2A5B0769002A8282 /* FeedImageCellController.swift */; };
		725C109D2B102B5400AF827B /* ListSnapshotTests.swift in Sources */ = {isa = PBXBuildFile; fileRef = 725C109C2B102B5400AF827B /* ListSnapshotTests.swift */; };
		725C10B12B103C0600AF827B /* snapshots in Resources */ = {isa = PBXBuildFile; fileRef = 725C10B02B103C0600AF827B /* snapshots */; };
		725C10B42B103F3200AF827B /* ImageCommentsSnapshotTests.swift in Sources */ = {isa = PBXBuildFile; fileRef = 725C10B32B103F3200AF827B /* ImageCommentsSnapshotTests.swift */; };
		725C10B82B1097E600AF827B /* ImageCommentCellController.swift in Sources */ = {isa = PBXBuildFile; fileRef = 725C10B72B1097E600AF827B /* ImageCommentCellController.swift */; };
		725C10BB2B10999E00AF827B /* ImageComments.storyboard in Resources */ = {isa = PBXBuildFile; fileRef = 725C10BA2B10999E00AF827B /* ImageComments.storyboard */; };
		725C10BD2B109D3200AF827B /* ImageCommentCell.swift in Sources */ = {isa = PBXBuildFile; fileRef = 725C10BC2B109D3100AF827B /* ImageCommentCell.swift */; };
		725C10BF2B16DF1700AF827B /* CellController.swift in Sources */ = {isa = PBXBuildFile; fileRef = 725C10BE2B16DF1700AF827B /* CellController.swift */; };
		726059252A23CAE000A88CA6 /* CoreDataHelpers.swift in Sources */ = {isa = PBXBuildFile; fileRef = 726059242A23CAE000A88CA6 /* CoreDataHelpers.swift */; };
		726059272A23CC6900A88CA6 /* ManagedCache.swift in Sources */ = {isa = PBXBuildFile; fileRef = 726059262A23CC6900A88CA6 /* ManagedCache.swift */; };
		726059292A23CCA100A88CA6 /* ManagedFeedImage.swift in Sources */ = {isa = PBXBuildFile; fileRef = 726059282A23CCA100A88CA6 /* ManagedFeedImage.swift */; };
		726059312A270E5800A88CA6 /* EssentialFeedCacheIntegrationTests.swift in Sources */ = {isa = PBXBuildFile; fileRef = 726059302A270E5800A88CA6 /* EssentialFeedCacheIntegrationTests.swift */; };
		726059322A270E5800A88CA6 /* EssentialFeed.framework in Frameworks */ = {isa = PBXBuildFile; fileRef = 72AE35A8299F9B8500A028E1 /* EssentialFeed.framework */; };
		726059392A27776100A88CA6 /* XCTTestCase+MemoryLeakTrcaking.swift in Sources */ = {isa = PBXBuildFile; fileRef = 723D122329BBB1AC00A3E035 /* XCTTestCase+MemoryLeakTrcaking.swift */; };
		7260593B2A29A65900A88CA6 /* FeedCacheTestHelpers.swift in Sources */ = {isa = PBXBuildFile; fileRef = 7211DB1C29F2B9A0004A031D /* FeedCacheTestHelpers.swift */; };
		7260593C2A29A6A100A88CA6 /* SharedTestHelpers.swift in Sources */ = {isa = PBXBuildFile; fileRef = 7211DB1E29F2BB00004A031D /* SharedTestHelpers.swift */; };
		726247722A82573B0066D302 /* FeedImageDataLoader.swift in Sources */ = {isa = PBXBuildFile; fileRef = 72672CCA2A597F3C0057940D /* FeedImageDataLoader.swift */; };
		7264052D29F1B0F6000F4B32 /* ValidateFeedCacheUseCaseTests.swift in Sources */ = {isa = PBXBuildFile; fileRef = 7264052C29F1B0F6000F4B32 /* ValidateFeedCacheUseCaseTests.swift */; };
		7269829E2A50A65A00CB9C75 /* ListViewController.swift in Sources */ = {isa = PBXBuildFile; fileRef = 7269829D2A50A65A00CB9C75 /* ListViewController.swift */; };
		726982A02A52974700CB9C75 /* FeedImageCell.swift in Sources */ = {isa = PBXBuildFile; fileRef = 7269829F2A52974700CB9C75 /* FeedImageCell.swift */; };
		72725E3B2AD2BA0A00DA62BC /* ImageCommentsMapper.swift in Sources */ = {isa = PBXBuildFile; fileRef = 72725E3A2AD2BA0A00DA62BC /* ImageCommentsMapper.swift */; };
		72725E3E2AD3C5AE00DA62BC /* ImageComment.swift in Sources */ = {isa = PBXBuildFile; fileRef = 72725E3D2AD3C5AE00DA62BC /* ImageComment.swift */; };
		727B7A2C2A80B9760070ABC5 /* FeedImagePresenter.swift in Sources */ = {isa = PBXBuildFile; fileRef = 727B7A2B2A80B9760070ABC5 /* FeedImagePresenter.swift */; };
		727B7A2E2A80BAED0070ABC5 /* FeedImageViewModel.swift in Sources */ = {isa = PBXBuildFile; fileRef = 727B7A2D2A80BAED0070ABC5 /* FeedImageViewModel.swift */; };
		728175B52A15501F009F92F6 /* CoreDataFeedStoreTests.swift in Sources */ = {isa = PBXBuildFile; fileRef = 728175B42A15501F009F92F6 /* CoreDataFeedStoreTests.swift */; };
		728175B72A1770DB009F92F6 /* XCTestCase+FailableRetrieveFeedStoreSpecs.swift in Sources */ = {isa = PBXBuildFile; fileRef = 728175B62A1770DB009F92F6 /* XCTestCase+FailableRetrieveFeedStoreSpecs.swift */; };
		728175B92A1773E6009F92F6 /* XCTestCase+FailableInsertFeedStoreSpecs.swift in Sources */ = {isa = PBXBuildFile; fileRef = 728175B82A1773E6009F92F6 /* XCTestCase+FailableInsertFeedStoreSpecs.swift */; };
		728175BB2A1778A4009F92F6 /* XCTestCase+FailableDeleteFeedStoreSpecs.swift in Sources */ = {isa = PBXBuildFile; fileRef = 728175BA2A1778A4009F92F6 /* XCTestCase+FailableDeleteFeedStoreSpecs.swift */; };
		728175BE2A1B2780009F92F6 /* CoreDataFeedStore.swift in Sources */ = {isa = PBXBuildFile; fileRef = 728175BD2A1B2780009F92F6 /* CoreDataFeedStore.swift */; };
		728175CF2A1BCF25009F92F6 /* FeedStore.xcdatamodeld in Sources */ = {isa = PBXBuildFile; fileRef = 728175CD2A1BCF24009F92F6 /* FeedStore.xcdatamodeld */; };
		7287FE4E2AA63638004647A2 /* FeedImageDataCache.swift in Sources */ = {isa = PBXBuildFile; fileRef = 7287FE4D2AA63638004647A2 /* FeedImageDataCache.swift */; };
		728EF7AF2B3D103300078AB2 /* FeedEndpointTests.swift in Sources */ = {isa = PBXBuildFile; fileRef = 728EF7AE2B3D103300078AB2 /* FeedEndpointTests.swift */; };
		728EF7B12B3D115900078AB2 /* FeedEndpoint.swift in Sources */ = {isa = PBXBuildFile; fileRef = 728EF7B02B3D115900078AB2 /* FeedEndpoint.swift */; };
		729474A82A0B5ACE00A88DC2 /* FeedStoreSpecs.swift in Sources */ = {isa = PBXBuildFile; fileRef = 729474A72A0B5ACE00A88DC2 /* FeedStoreSpecs.swift */; };
		729474AA2A0B5C8300A88DC2 /* XCTestCase+FeedStoreSpecs.swift in Sources */ = {isa = PBXBuildFile; fileRef = 729474A92A0B5C8300A88DC2 /* XCTestCase+FeedStoreSpecs.swift */; };
		729D51CE2A4E9E7C009CB3F9 /* EssentialFeediOS.docc in Sources */ = {isa = PBXBuildFile; fileRef = 729D51CD2A4E9E7C009CB3F9 /* EssentialFeediOS.docc */; };
		729D51E62A506227009CB3F9 /* EssentialFeed.framework in Frameworks */ = {isa = PBXBuildFile; fileRef = 72AE35A8299F9B8500A028E1 /* EssentialFeed.framework */; platformFilter = ios; };
		729D51E72A506227009CB3F9 /* EssentialFeed.framework in Embed Frameworks */ = {isa = PBXBuildFile; fileRef = 72AE35A8299F9B8500A028E1 /* EssentialFeed.framework */; platformFilter = ios; settings = {ATTRIBUTES = (CodeSignOnCopy, RemoveHeadersOnCopy, ); }; };
		72AB9F312A8F86D500BD8533 /* LocalFeedImageDataLoader.swift in Sources */ = {isa = PBXBuildFile; fileRef = 72AB9F302A8F86D500BD8533 /* LocalFeedImageDataLoader.swift */; };
		72AB9F332A8F874100BD8533 /* FeedImageDataStore.swift in Sources */ = {isa = PBXBuildFile; fileRef = 72AB9F322A8F874100BD8533 /* FeedImageDataStore.swift */; };
		72ABA1582A8BA927000AE5D6 /* LoadFeedImageDataFromCacheUseCaseTests.swift in Sources */ = {isa = PBXBuildFile; fileRef = 72ABA1572A8BA927000AE5D6 /* LoadFeedImageDataFromCacheUseCaseTests.swift */; };
		72AE35AD299F9B8500A028E1 /* EssentialFeed.docc in Sources */ = {isa = PBXBuildFile; fileRef = 72AE35AC299F9B8500A028E1 /* EssentialFeed.docc */; };
		72AE35B3299F9B8500A028E1 /* EssentialFeed.framework in Frameworks */ = {isa = PBXBuildFile; fileRef = 72AE35A8299F9B8500A028E1 /* EssentialFeed.framework */; };
		72AE35B9299F9B8500A028E1 /* EssentialFeed.h in Headers */ = {isa = PBXBuildFile; fileRef = 72AE35AB299F9B8500A028E1 /* EssentialFeed.h */; settings = {ATTRIBUTES = (Public, ); }; };
		72AE35C3299F9C6300A028E1 /* FeedImage.swift in Sources */ = {isa = PBXBuildFile; fileRef = 72AE35C2299F9C6300A028E1 /* FeedImage.swift */; };
		72AE35CA299FAA7C00A028E1 /* FeedItemsMapperTests.swift in Sources */ = {isa = PBXBuildFile; fileRef = 72AE35C9299FAA7C00A028E1 /* FeedItemsMapperTests.swift */; };
		72AE35CF29AA771600A028E1 /* HTTPClient.swift in Sources */ = {isa = PBXBuildFile; fileRef = 72AE35CE29AA771600A028E1 /* HTTPClient.swift */; };
		72AE35D129AA77CF00A028E1 /* FeedItemsMapper.swift in Sources */ = {isa = PBXBuildFile; fileRef = 72AE35D029AA77CF00A028E1 /* FeedItemsMapper.swift */; };
		72B39C4A2A947C4E000BDB74 /* CoreDataFeedStore+FeedImageDataStore.swift in Sources */ = {isa = PBXBuildFile; fileRef = 72B39C492A947C4E000BDB74 /* CoreDataFeedStore+FeedImageDataStore.swift */; };
		72B4C3832AE23E20000E9991 /* FeedImageDataMapper.swift in Sources */ = {isa = PBXBuildFile; fileRef = 72B4C3822AE23E20000E9991 /* FeedImageDataMapper.swift */; };
		72C299CB2B5F50060092A5F5 /* Paginated.swift in Sources */ = {isa = PBXBuildFile; fileRef = 72C299CA2B5F50060092A5F5 /* Paginated.swift */; };
		72C2ECAE2B26AF52002E07EE /* UIView+Container.swift in Sources */ = {isa = PBXBuildFile; fileRef = 72C2ECAD2B26AF52002E07EE /* UIView+Container.swift */; };
		72C32EC12AA386F30079522D /* FeedCache.swift in Sources */ = {isa = PBXBuildFile; fileRef = 72C32EC02AA386F20079522D /* FeedCache.swift */; };
		72CA4C162A6A6D83008069AD /* UITableView+Dequeueing.swift in Sources */ = {isa = PBXBuildFile; fileRef = 72CA4C152A6A6D83008069AD /* UITableView+Dequeueing.swift */; };
		72CA4C182A6A6FC0008069AD /* UIImageView+Animations.swift in Sources */ = {isa = PBXBuildFile; fileRef = 72CA4C172A6A6FC0008069AD /* UIImageView+Animations.swift */; };
		72E35C5129C0DAA300719B28 /* EssentialFeedAPIEndToEndTests.swift in Sources */ = {isa = PBXBuildFile; fileRef = 72E35C5029C0DAA300719B28 /* EssentialFeedAPIEndToEndTests.swift */; };
		72E35C5229C0DAA300719B28 /* EssentialFeed.framework in Frameworks */ = {isa = PBXBuildFile; fileRef = 72AE35A8299F9B8500A028E1 /* EssentialFeed.framework */; };
		72E35C5829C342A700719B28 /* XCTTestCase+MemoryLeakTrcaking.swift in Sources */ = {isa = PBXBuildFile; fileRef = 723D122329BBB1AC00A3E035 /* XCTTestCase+MemoryLeakTrcaking.swift */; };
		72E5CC4D2AB0357200D68895 /* UIViewController+Snapshot.swift in Sources */ = {isa = PBXBuildFile; fileRef = 72E5CC4C2AB0357200D68895 /* UIViewController+Snapshot.swift */; };
		72E5CC4F2AB036A000D68895 /* XCTestCase+Snapshot.swift in Sources */ = {isa = PBXBuildFile; fileRef = 72E5CC4E2AB036A000D68895 /* XCTestCase+Snapshot.swift */; };
		72E7B1982AAF139200E78005 /* UITableView+HeaderSizing.swift in Sources */ = {isa = PBXBuildFile; fileRef = 72E7B1972AAF139200E78005 /* UITableView+HeaderSizing.swift */; };
		72ED6F9B2AF4859B0077BDD0 /* SharedLocalizationTestHelpers.swift in Sources */ = {isa = PBXBuildFile; fileRef = 72ED6F9A2AF4859B0077BDD0 /* SharedLocalizationTestHelpers.swift */; };
		72ED6F9D2AF489CA0077BDD0 /* ResourceLoadingView.swift in Sources */ = {isa = PBXBuildFile; fileRef = 72ED6F9C2AF489CA0077BDD0 /* ResourceLoadingView.swift */; };
		72ED6F9F2AF48B3A0077BDD0 /* ResourceErrorView.swift in Sources */ = {isa = PBXBuildFile; fileRef = 72ED6F9E2AF48B3A0077BDD0 /* ResourceErrorView.swift */; };
		72F4D5F62A55370D00DEF22D /* UIView + Shimmering.swift in Sources */ = {isa = PBXBuildFile; fileRef = 72F4D5F52A55370D00DEF22D /* UIView + Shimmering.swift */; };
/* End PBXBuildFile section */

/* Begin PBXContainerItemProxy section */
		7226F7ED2AAEC45500408EE6 /* PBXContainerItemProxy */ = {
			isa = PBXContainerItemProxy;
			containerPortal = 72AE359F299F9B8500A028E1 /* Project object */;
			proxyType = 1;
			remoteGlobalIDString = 729D51C92A4E9E7C009CB3F9;
			remoteInfo = EssentialFeediOS;
		};
		726059332A270E5800A88CA6 /* PBXContainerItemProxy */ = {
			isa = PBXContainerItemProxy;
			containerPortal = 72AE359F299F9B8500A028E1 /* Project object */;
			proxyType = 1;
			remoteGlobalIDString = 72AE35A7299F9B8500A028E1;
			remoteInfo = EssentialFeed;
		};
		729D51E82A506227009CB3F9 /* PBXContainerItemProxy */ = {
			isa = PBXContainerItemProxy;
			containerPortal = 72AE359F299F9B8500A028E1 /* Project object */;
			proxyType = 1;
			remoteGlobalIDString = 72AE35A7299F9B8500A028E1;
			remoteInfo = EssentialFeed;
		};
		72AE35B4299F9B8500A028E1 /* PBXContainerItemProxy */ = {
			isa = PBXContainerItemProxy;
			containerPortal = 72AE359F299F9B8500A028E1 /* Project object */;
			proxyType = 1;
			remoteGlobalIDString = 72AE35A7299F9B8500A028E1;
			remoteInfo = EssentialFeed;
		};
		72E35C5329C0DAA300719B28 /* PBXContainerItemProxy */ = {
			isa = PBXContainerItemProxy;
			containerPortal = 72AE359F299F9B8500A028E1 /* Project object */;
			proxyType = 1;
			remoteGlobalIDString = 72AE35A7299F9B8500A028E1;
			remoteInfo = EssentialFeed;
		};
/* End PBXContainerItemProxy section */

/* Begin PBXCopyFilesBuildPhase section */
		729D51EA2A506227009CB3F9 /* Embed Frameworks */ = {
			isa = PBXCopyFilesBuildPhase;
			buildActionMask = 2147483647;
			dstPath = "";
			dstSubfolderSpec = 10;
			files = (
				729D51E72A506227009CB3F9 /* EssentialFeed.framework in Embed Frameworks */,
			);
			name = "Embed Frameworks";
			runOnlyForDeploymentPostprocessing = 0;
		};
/* End PBXCopyFilesBuildPhase section */

/* Begin PBXFileReference section */
		720F3CA92B3A71D500946F44 /* ImageCommentsEndpoint.swift */ = {isa = PBXFileReference; lastKnownFileType = sourcecode.swift; path = ImageCommentsEndpoint.swift; sourceTree = "<group>"; };
		720F3CAB2B3CF7A800946F44 /* ImageCommentsEndpointTests.swift */ = {isa = PBXFileReference; lastKnownFileType = sourcecode.swift; path = ImageCommentsEndpointTests.swift; sourceTree = "<group>"; };
		7211DB1C29F2B9A0004A031D /* FeedCacheTestHelpers.swift */ = {isa = PBXFileReference; lastKnownFileType = sourcecode.swift; path = FeedCacheTestHelpers.swift; sourceTree = "<group>"; };
		7211DB1E29F2BB00004A031D /* SharedTestHelpers.swift */ = {isa = PBXFileReference; lastKnownFileType = sourcecode.swift; path = SharedTestHelpers.swift; sourceTree = "<group>"; };
		7217D0E729E17E1000E6D75D /* LocalFeedImage.swift */ = {isa = PBXFileReference; lastKnownFileType = sourcecode.swift; path = LocalFeedImage.swift; sourceTree = "<group>"; };
		721BF8742A94DD4800B3E64E /* CoreDataFeedStore+FeedStore.swift */ = {isa = PBXFileReference; lastKnownFileType = sourcecode.swift; path = "CoreDataFeedStore+FeedStore.swift"; sourceTree = "<group>"; };
		722554862AF1D1A200E223BC /* LoadResourcePresenterTests.swift */ = {isa = PBXFileReference; lastKnownFileType = sourcecode.swift; path = LoadResourcePresenterTests.swift; sourceTree = "<group>"; };
		722554892AF1E55B00E223BC /* LoadResourcePresenter.swift */ = {isa = PBXFileReference; lastKnownFileType = sourcecode.swift; path = LoadResourcePresenter.swift; sourceTree = "<group>"; };
		7225548D2AF3433800E223BC /* SharedLocalizationTests.swift */ = {isa = PBXFileReference; lastKnownFileType = sourcecode.swift; path = SharedLocalizationTests.swift; sourceTree = "<group>"; };
		722554902AF4779100E223BC /* en */ = {isa = PBXFileReference; lastKnownFileType = text.plist.strings; name = en; path = en.lproj/Shared.strings; sourceTree = "<group>"; };
		722554922AF4779500E223BC /* pt-BR */ = {isa = PBXFileReference; lastKnownFileType = text.plist.strings; name = "pt-BR"; path = "pt-BR.lproj/Shared.strings"; sourceTree = "<group>"; };
		722554932AF4779600E223BC /* ru */ = {isa = PBXFileReference; lastKnownFileType = text.plist.strings; name = ru; path = ru.lproj/Shared.strings; sourceTree = "<group>"; };
		722620872A7F80CB0080A17F /* FeedImagePresenterTests.swift */ = {isa = PBXFileReference; lastKnownFileType = sourcecode.swift; path = FeedImagePresenterTests.swift; sourceTree = "<group>"; };
		7226F7E82AAEC45500408EE6 /* EssentialFeediOSTests.xctest */ = {isa = PBXFileReference; explicitFileType = wrapper.cfbundle; includeInIndex = 0; path = EssentialFeediOSTests.xctest; sourceTree = BUILT_PRODUCTS_DIR; };
		7226F7F32AAEC53300408EE6 /* EssentialFeediOSTests-Bridging-Header.h */ = {isa = PBXFileReference; lastKnownFileType = sourcecode.c.h; path = "EssentialFeediOSTests-Bridging-Header.h"; sourceTree = "<group>"; };
		7226F7F42AAEC53300408EE6 /* FeedSnapshotTests.swift */ = {isa = PBXFileReference; lastKnownFileType = sourcecode.swift; path = FeedSnapshotTests.swift; sourceTree = "<group>"; };
		7226F7F72AAED96900408EE6 /* UIImage+TestHelpers.swift */ = {isa = PBXFileReference; fileEncoding = 4; lastKnownFileType = sourcecode.swift; path = "UIImage+TestHelpers.swift"; sourceTree = "<group>"; };
		722AEC6E2A7B679500D4F051 /* FeedPresenterTests.swift */ = {isa = PBXFileReference; lastKnownFileType = sourcecode.swift; path = FeedPresenterTests.swift; sourceTree = "<group>"; };
		723503FC2A8B426300C2EA69 /* HTTPURLResponse+StatusCode.swift */ = {isa = PBXFileReference; lastKnownFileType = sourcecode.swift; path = "HTTPURLResponse+StatusCode.swift"; sourceTree = "<group>"; };
		723503FF2A8B447700C2EA69 /* URLProtocolStub.swift */ = {isa = PBXFileReference; lastKnownFileType = sourcecode.swift; path = URLProtocolStub.swift; sourceTree = "<group>"; };
		7238098429F453F60009D548 /* FeedCachePolicy.swift */ = {isa = PBXFileReference; lastKnownFileType = sourcecode.swift; path = FeedCachePolicy.swift; sourceTree = "<group>"; };
		7238498F29D9A35800E50D8F /* CacheFeedUseCaseTests.swift */ = {isa = PBXFileReference; lastKnownFileType = sourcecode.swift; path = CacheFeedUseCaseTests.swift; sourceTree = "<group>"; };
		7238499229DD64D100E50D8F /* LocalFeedLoader.swift */ = {isa = PBXFileReference; lastKnownFileType = sourcecode.swift; path = LocalFeedLoader.swift; sourceTree = "<group>"; };
		7238499429DD652400E50D8F /* FeedStore.swift */ = {isa = PBXFileReference; lastKnownFileType = sourcecode.swift; path = FeedStore.swift; sourceTree = "<group>"; };
		723A9B4D2A905BD5002D2E47 /* FeedImageDataStoreSpy.swift */ = {isa = PBXFileReference; lastKnownFileType = sourcecode.swift; path = FeedImageDataStoreSpy.swift; sourceTree = "<group>"; };
		723A9B4F2A905CC9002D2E47 /* CacheFeedImageDataUseCaseTests.swift */ = {isa = PBXFileReference; lastKnownFileType = sourcecode.swift; path = CacheFeedImageDataUseCaseTests.swift; sourceTree = "<group>"; };
		723BF7A62AD13209002ACF4C /* ImageCommentsMapperTests.swift */ = {isa = PBXFileReference; lastKnownFileType = sourcecode.swift; path = ImageCommentsMapperTests.swift; sourceTree = "<group>"; };
		723D122329BBB1AC00A3E035 /* XCTTestCase+MemoryLeakTrcaking.swift */ = {isa = PBXFileReference; lastKnownFileType = sourcecode.swift; path = "XCTTestCase+MemoryLeakTrcaking.swift"; sourceTree = "<group>"; };
		723D68402B05ACEC00A9C9D8 /* ImageCommentsPresenterTests.swift */ = {isa = PBXFileReference; lastKnownFileType = sourcecode.swift; path = ImageCommentsPresenterTests.swift; sourceTree = "<group>"; };
		723D68432B05AF9000A9C9D8 /* ImageCommentsPresenter.swift */ = {isa = PBXFileReference; lastKnownFileType = sourcecode.swift; path = ImageCommentsPresenter.swift; sourceTree = "<group>"; };
		723D68472B07022800A9C9D8 /* ImageCommentsLocalizationTests.swift */ = {isa = PBXFileReference; lastKnownFileType = sourcecode.swift; path = ImageCommentsLocalizationTests.swift; sourceTree = "<group>"; };
		723D684A2B07083600A9C9D8 /* en */ = {isa = PBXFileReference; lastKnownFileType = text.plist.strings; name = en; path = en.lproj/ImageComments.strings; sourceTree = "<group>"; };
		723D684C2B07084300A9C9D8 /* pt-BR */ = {isa = PBXFileReference; lastKnownFileType = text.plist.strings; name = "pt-BR"; path = "pt-BR.lproj/ImageComments.strings"; sourceTree = "<group>"; };
		723D684D2B07084400A9C9D8 /* ru */ = {isa = PBXFileReference; lastKnownFileType = text.plist.strings; name = ru; path = ru.lproj/ImageComments.strings; sourceTree = "<group>"; };
		723D93D12A7EB44100EA0D04 /* en */ = {isa = PBXFileReference; lastKnownFileType = text.plist.strings; name = en; path = en.lproj/Feed.strings; sourceTree = "<group>"; };
		723D93D32A7EB44700EA0D04 /* pt-BR */ = {isa = PBXFileReference; lastKnownFileType = text.plist.strings; name = "pt-BR"; path = "pt-BR.lproj/Feed.strings"; sourceTree = "<group>"; };
		723D93D42A7EB44800EA0D04 /* ru */ = {isa = PBXFileReference; lastKnownFileType = text.plist.strings; name = ru; path = ru.lproj/Feed.strings; sourceTree = "<group>"; };
		723D93D62A7ED65800EA0D04 /* FeedPresenter.swift */ = {isa = PBXFileReference; lastKnownFileType = sourcecode.swift; path = FeedPresenter.swift; sourceTree = "<group>"; };
		723D93D92A7ED8AD00EA0D04 /* ResourceErrorViewModel.swift */ = {isa = PBXFileReference; lastKnownFileType = sourcecode.swift; path = ResourceErrorViewModel.swift; sourceTree = "<group>"; };
		723D93DB2A7ED8E700EA0D04 /* ResourceLoadingViewModel.swift */ = {isa = PBXFileReference; lastKnownFileType = sourcecode.swift; path = ResourceLoadingViewModel.swift; sourceTree = "<group>"; };
		724005C62A7A5C54002908F3 /* ErrorView.swift */ = {isa = PBXFileReference; lastKnownFileType = sourcecode.swift; path = ErrorView.swift; sourceTree = "<group>"; };
		724005CB2A7A80E5002908F3 /* UIRefreshControl+Helpers.swift */ = {isa = PBXFileReference; lastKnownFileType = sourcecode.swift; path = "UIRefreshControl+Helpers.swift"; sourceTree = "<group>"; };
		72459C4D29E6CC3E001601A8 /* LoadFeedFromCacheUseCaseTests.swift */ = {isa = PBXFileReference; lastKnownFileType = sourcecode.swift; path = LoadFeedFromCacheUseCaseTests.swift; sourceTree = "<group>"; };
		72459C4F29E6CFA9001601A8 /* FeedStoreSpy.swift */ = {isa = PBXFileReference; lastKnownFileType = sourcecode.swift; path = FeedStoreSpy.swift; sourceTree = "<group>"; };
		72463A7B2A91C9B100A5855B /* CoreDataFeedImageDataStoreTests.swift */ = {isa = PBXFileReference; lastKnownFileType = sourcecode.swift; path = CoreDataFeedImageDataStoreTests.swift; sourceTree = "<group>"; };
		7248304F29BCA59A00EE4326 /* URLSessionHTTPClient.swift */ = {isa = PBXFileReference; lastKnownFileType = sourcecode.swift; path = URLSessionHTTPClient.swift; sourceTree = "<group>"; };
		7249D04429AFC484008D301D /* URLSessionHTTPClientTests.swift */ = {isa = PBXFileReference; lastKnownFileType = sourcecode.swift; path = URLSessionHTTPClientTests.swift; sourceTree = "<group>"; };
		724C16C72B5D23E50049D817 /* LoadMoreCellController.swift */ = {isa = PBXFileReference; lastKnownFileType = sourcecode.swift; path = LoadMoreCellController.swift; sourceTree = "<group>"; };
		724C16C92B5D341E0049D817 /* LoadMoreCell.swift */ = {isa = PBXFileReference; lastKnownFileType = sourcecode.swift; path = LoadMoreCell.swift; sourceTree = "<group>"; };
		725557462A68FD9400142609 /* Feed.storyboard */ = {isa = PBXFileReference; lastKnownFileType = file.storyboard; path = Feed.storyboard; sourceTree = "<group>"; };
		725557482A68FF6000142609 /* Feed.xcassets */ = {isa = PBXFileReference; lastKnownFileType = folder.assetcatalog; path = Feed.xcassets; sourceTree = "<group>"; };
		7258E90A2A5B0769002A8282 /* FeedImageCellController.swift */ = {isa = PBXFileReference; lastKnownFileType = sourcecode.swift; path = FeedImageCellController.swift; sourceTree = "<group>"; };
		725C109C2B102B5400AF827B /* ListSnapshotTests.swift */ = {isa = PBXFileReference; lastKnownFileType = sourcecode.swift; path = ListSnapshotTests.swift; sourceTree = "<group>"; };
		725C10B02B103C0600AF827B /* snapshots */ = {isa = PBXFileReference; lastKnownFileType = folder; path = snapshots; sourceTree = "<group>"; };
		725C10B32B103F3200AF827B /* ImageCommentsSnapshotTests.swift */ = {isa = PBXFileReference; lastKnownFileType = sourcecode.swift; path = ImageCommentsSnapshotTests.swift; sourceTree = "<group>"; };
		725C10B72B1097E600AF827B /* ImageCommentCellController.swift */ = {isa = PBXFileReference; lastKnownFileType = sourcecode.swift; path = ImageCommentCellController.swift; sourceTree = "<group>"; };
		725C10BA2B10999E00AF827B /* ImageComments.storyboard */ = {isa = PBXFileReference; lastKnownFileType = file.storyboard; path = ImageComments.storyboard; sourceTree = "<group>"; };
		725C10BC2B109D3100AF827B /* ImageCommentCell.swift */ = {isa = PBXFileReference; lastKnownFileType = sourcecode.swift; path = ImageCommentCell.swift; sourceTree = "<group>"; };
		725C10BE2B16DF1700AF827B /* CellController.swift */ = {isa = PBXFileReference; lastKnownFileType = sourcecode.swift; path = CellController.swift; sourceTree = "<group>"; };
		726059242A23CAE000A88CA6 /* CoreDataHelpers.swift */ = {isa = PBXFileReference; lastKnownFileType = sourcecode.swift; path = CoreDataHelpers.swift; sourceTree = "<group>"; };
		726059262A23CC6900A88CA6 /* ManagedCache.swift */ = {isa = PBXFileReference; lastKnownFileType = sourcecode.swift; path = ManagedCache.swift; sourceTree = "<group>"; };
		726059282A23CCA100A88CA6 /* ManagedFeedImage.swift */ = {isa = PBXFileReference; lastKnownFileType = sourcecode.swift; path = ManagedFeedImage.swift; sourceTree = "<group>"; };
		7260592E2A270E5800A88CA6 /* EssentialFeedCacheIntegrationTests.xctest */ = {isa = PBXFileReference; explicitFileType = wrapper.cfbundle; includeInIndex = 0; path = EssentialFeedCacheIntegrationTests.xctest; sourceTree = BUILT_PRODUCTS_DIR; };
		726059302A270E5800A88CA6 /* EssentialFeedCacheIntegrationTests.swift */ = {isa = PBXFileReference; lastKnownFileType = sourcecode.swift; path = EssentialFeedCacheIntegrationTests.swift; sourceTree = "<group>"; };
		726059382A27108E00A88CA6 /* EssentialFeedAPIEndToEndTests.xctestplan */ = {isa = PBXFileReference; lastKnownFileType = text; path = EssentialFeedAPIEndToEndTests.xctestplan; sourceTree = "<group>"; };
		7260593A2A28950500A88CA6 /* EssentialFeedCacheIntegrationTests.xctestplan */ = {isa = PBXFileReference; lastKnownFileType = text; path = EssentialFeedCacheIntegrationTests.xctestplan; sourceTree = "<group>"; };
		7264052C29F1B0F6000F4B32 /* ValidateFeedCacheUseCaseTests.swift */ = {isa = PBXFileReference; lastKnownFileType = sourcecode.swift; path = ValidateFeedCacheUseCaseTests.swift; sourceTree = "<group>"; };
		72672CCA2A597F3C0057940D /* FeedImageDataLoader.swift */ = {isa = PBXFileReference; lastKnownFileType = sourcecode.swift; path = FeedImageDataLoader.swift; sourceTree = "<group>"; };
		7269829D2A50A65A00CB9C75 /* ListViewController.swift */ = {isa = PBXFileReference; lastKnownFileType = sourcecode.swift; path = ListViewController.swift; sourceTree = "<group>"; };
		7269829F2A52974700CB9C75 /* FeedImageCell.swift */ = {isa = PBXFileReference; lastKnownFileType = sourcecode.swift; path = FeedImageCell.swift; sourceTree = "<group>"; };
		72725E3A2AD2BA0A00DA62BC /* ImageCommentsMapper.swift */ = {isa = PBXFileReference; lastKnownFileType = sourcecode.swift; path = ImageCommentsMapper.swift; sourceTree = "<group>"; };
		72725E3D2AD3C5AE00DA62BC /* ImageComment.swift */ = {isa = PBXFileReference; lastKnownFileType = sourcecode.swift; path = ImageComment.swift; sourceTree = "<group>"; };
		7277A9792A6F936500E3FA8D /* FeedLocalizationTests.swift */ = {isa = PBXFileReference; lastKnownFileType = sourcecode.swift; path = FeedLocalizationTests.swift; sourceTree = "<group>"; };
		727B7A2B2A80B9760070ABC5 /* FeedImagePresenter.swift */ = {isa = PBXFileReference; lastKnownFileType = sourcecode.swift; path = FeedImagePresenter.swift; sourceTree = "<group>"; };
		727B7A2D2A80BAED0070ABC5 /* FeedImageViewModel.swift */ = {isa = PBXFileReference; lastKnownFileType = sourcecode.swift; path = FeedImageViewModel.swift; sourceTree = "<group>"; };
		728175B42A15501F009F92F6 /* CoreDataFeedStoreTests.swift */ = {isa = PBXFileReference; lastKnownFileType = sourcecode.swift; path = CoreDataFeedStoreTests.swift; sourceTree = "<group>"; };
		728175B62A1770DB009F92F6 /* XCTestCase+FailableRetrieveFeedStoreSpecs.swift */ = {isa = PBXFileReference; lastKnownFileType = sourcecode.swift; path = "XCTestCase+FailableRetrieveFeedStoreSpecs.swift"; sourceTree = "<group>"; };
		728175B82A1773E6009F92F6 /* XCTestCase+FailableInsertFeedStoreSpecs.swift */ = {isa = PBXFileReference; lastKnownFileType = sourcecode.swift; path = "XCTestCase+FailableInsertFeedStoreSpecs.swift"; sourceTree = "<group>"; };
		728175BA2A1778A4009F92F6 /* XCTestCase+FailableDeleteFeedStoreSpecs.swift */ = {isa = PBXFileReference; lastKnownFileType = sourcecode.swift; path = "XCTestCase+FailableDeleteFeedStoreSpecs.swift"; sourceTree = "<group>"; };
		728175BD2A1B2780009F92F6 /* CoreDataFeedStore.swift */ = {isa = PBXFileReference; lastKnownFileType = sourcecode.swift; path = CoreDataFeedStore.swift; sourceTree = "<group>"; };
		728175CE2A1BCF24009F92F6 /* FeedStore.xcdatamodel */ = {isa = PBXFileReference; lastKnownFileType = wrapper.xcdatamodel; path = FeedStore.xcdatamodel; sourceTree = "<group>"; };
		7287FE4D2AA63638004647A2 /* FeedImageDataCache.swift */ = {isa = PBXFileReference; lastKnownFileType = sourcecode.swift; path = FeedImageDataCache.swift; sourceTree = "<group>"; };
		728EF7AE2B3D103300078AB2 /* FeedEndpointTests.swift */ = {isa = PBXFileReference; lastKnownFileType = sourcecode.swift; path = FeedEndpointTests.swift; sourceTree = "<group>"; };
		728EF7B02B3D115900078AB2 /* FeedEndpoint.swift */ = {isa = PBXFileReference; lastKnownFileType = sourcecode.swift; path = FeedEndpoint.swift; sourceTree = "<group>"; };
		729474A72A0B5ACE00A88DC2 /* FeedStoreSpecs.swift */ = {isa = PBXFileReference; lastKnownFileType = sourcecode.swift; path = FeedStoreSpecs.swift; sourceTree = "<group>"; };
		729474A92A0B5C8300A88DC2 /* XCTestCase+FeedStoreSpecs.swift */ = {isa = PBXFileReference; lastKnownFileType = sourcecode.swift; path = "XCTestCase+FeedStoreSpecs.swift"; sourceTree = "<group>"; };
		729D51CA2A4E9E7C009CB3F9 /* EssentialFeediOS.framework */ = {isa = PBXFileReference; explicitFileType = wrapper.framework; includeInIndex = 0; path = EssentialFeediOS.framework; sourceTree = BUILT_PRODUCTS_DIR; };
		729D51CD2A4E9E7C009CB3F9 /* EssentialFeediOS.docc */ = {isa = PBXFileReference; lastKnownFileType = folder.documentationcatalog; path = EssentialFeediOS.docc; sourceTree = "<group>"; };
		729D51E12A4E9F47009CB3F9 /* EssentialFeediOS.xctestplan */ = {isa = PBXFileReference; lastKnownFileType = text; path = EssentialFeediOS.xctestplan; sourceTree = "<group>"; };
		72AB9F302A8F86D500BD8533 /* LocalFeedImageDataLoader.swift */ = {isa = PBXFileReference; lastKnownFileType = sourcecode.swift; path = LocalFeedImageDataLoader.swift; sourceTree = "<group>"; };
		72AB9F322A8F874100BD8533 /* FeedImageDataStore.swift */ = {isa = PBXFileReference; lastKnownFileType = sourcecode.swift; path = FeedImageDataStore.swift; sourceTree = "<group>"; };
		72ABA1572A8BA927000AE5D6 /* LoadFeedImageDataFromCacheUseCaseTests.swift */ = {isa = PBXFileReference; lastKnownFileType = sourcecode.swift; path = LoadFeedImageDataFromCacheUseCaseTests.swift; sourceTree = "<group>"; };
		72AE35A8299F9B8500A028E1 /* EssentialFeed.framework */ = {isa = PBXFileReference; explicitFileType = wrapper.framework; includeInIndex = 0; path = EssentialFeed.framework; sourceTree = BUILT_PRODUCTS_DIR; };
		72AE35AB299F9B8500A028E1 /* EssentialFeed.h */ = {isa = PBXFileReference; lastKnownFileType = sourcecode.c.h; path = EssentialFeed.h; sourceTree = "<group>"; };
		72AE35AC299F9B8500A028E1 /* EssentialFeed.docc */ = {isa = PBXFileReference; lastKnownFileType = folder.documentationcatalog; path = EssentialFeed.docc; sourceTree = "<group>"; };
		72AE35B2299F9B8500A028E1 /* EssentialFeedTests.xctest */ = {isa = PBXFileReference; explicitFileType = wrapper.cfbundle; includeInIndex = 0; path = EssentialFeedTests.xctest; sourceTree = BUILT_PRODUCTS_DIR; };
		72AE35C2299F9C6300A028E1 /* FeedImage.swift */ = {isa = PBXFileReference; lastKnownFileType = sourcecode.swift; path = FeedImage.swift; sourceTree = "<group>"; };
		72AE35C9299FAA7C00A028E1 /* FeedItemsMapperTests.swift */ = {isa = PBXFileReference; lastKnownFileType = sourcecode.swift; path = FeedItemsMapperTests.swift; sourceTree = "<group>"; };
		72AE35CE29AA771600A028E1 /* HTTPClient.swift */ = {isa = PBXFileReference; lastKnownFileType = sourcecode.swift; path = HTTPClient.swift; sourceTree = "<group>"; };
		72AE35D029AA77CF00A028E1 /* FeedItemsMapper.swift */ = {isa = PBXFileReference; lastKnownFileType = sourcecode.swift; path = FeedItemsMapper.swift; sourceTree = "<group>"; };
		72B307A32A94C5E000CDE1C6 /* FeedStore2.xcdatamodel */ = {isa = PBXFileReference; lastKnownFileType = wrapper.xcdatamodel; path = FeedStore2.xcdatamodel; sourceTree = "<group>"; };
		72B39C492A947C4E000BDB74 /* CoreDataFeedStore+FeedImageDataStore.swift */ = {isa = PBXFileReference; lastKnownFileType = sourcecode.swift; path = "CoreDataFeedStore+FeedImageDataStore.swift"; sourceTree = "<group>"; };
		72B4C3822AE23E20000E9991 /* FeedImageDataMapper.swift */ = {isa = PBXFileReference; lastKnownFileType = sourcecode.swift; path = FeedImageDataMapper.swift; sourceTree = "<group>"; };
		72C299CA2B5F50060092A5F5 /* Paginated.swift */ = {isa = PBXFileReference; lastKnownFileType = sourcecode.swift; path = Paginated.swift; sourceTree = "<group>"; };
		72C2ECAD2B26AF52002E07EE /* UIView+Container.swift */ = {isa = PBXFileReference; lastKnownFileType = sourcecode.swift; path = "UIView+Container.swift"; sourceTree = "<group>"; };
		72C32EC02AA386F20079522D /* FeedCache.swift */ = {isa = PBXFileReference; lastKnownFileType = sourcecode.swift; path = FeedCache.swift; sourceTree = "<group>"; };
		72CA4C152A6A6D83008069AD /* UITableView+Dequeueing.swift */ = {isa = PBXFileReference; lastKnownFileType = sourcecode.swift; path = "UITableView+Dequeueing.swift"; sourceTree = "<group>"; };
		72CA4C172A6A6FC0008069AD /* UIImageView+Animations.swift */ = {isa = PBXFileReference; lastKnownFileType = sourcecode.swift; path = "UIImageView+Animations.swift"; sourceTree = "<group>"; };
		72E35C4E29C0DAA300719B28 /* EssentialFeedAPIEndToEndTests.xctest */ = {isa = PBXFileReference; explicitFileType = wrapper.cfbundle; includeInIndex = 0; path = EssentialFeedAPIEndToEndTests.xctest; sourceTree = BUILT_PRODUCTS_DIR; };
		72E35C5029C0DAA300719B28 /* EssentialFeedAPIEndToEndTests.swift */ = {isa = PBXFileReference; lastKnownFileType = sourcecode.swift; path = EssentialFeedAPIEndToEndTests.swift; sourceTree = "<group>"; };
		72E5CC4C2AB0357200D68895 /* UIViewController+Snapshot.swift */ = {isa = PBXFileReference; lastKnownFileType = sourcecode.swift; path = "UIViewController+Snapshot.swift"; sourceTree = "<group>"; };
		72E5CC4E2AB036A000D68895 /* XCTestCase+Snapshot.swift */ = {isa = PBXFileReference; lastKnownFileType = sourcecode.swift; path = "XCTestCase+Snapshot.swift"; sourceTree = "<group>"; };
		72E7B1972AAF139200E78005 /* UITableView+HeaderSizing.swift */ = {isa = PBXFileReference; lastKnownFileType = sourcecode.swift; path = "UITableView+HeaderSizing.swift"; sourceTree = "<group>"; };
		72ED6F9A2AF4859B0077BDD0 /* SharedLocalizationTestHelpers.swift */ = {isa = PBXFileReference; lastKnownFileType = sourcecode.swift; path = SharedLocalizationTestHelpers.swift; sourceTree = "<group>"; };
		72ED6F9C2AF489CA0077BDD0 /* ResourceLoadingView.swift */ = {isa = PBXFileReference; lastKnownFileType = sourcecode.swift; path = ResourceLoadingView.swift; sourceTree = "<group>"; };
		72ED6F9E2AF48B3A0077BDD0 /* ResourceErrorView.swift */ = {isa = PBXFileReference; lastKnownFileType = sourcecode.swift; path = ResourceErrorView.swift; sourceTree = "<group>"; };
		72F4D5F52A55370D00DEF22D /* UIView + Shimmering.swift */ = {isa = PBXFileReference; lastKnownFileType = sourcecode.swift; path = "UIView + Shimmering.swift"; sourceTree = "<group>"; };
/* End PBXFileReference section */

/* Begin PBXFrameworksBuildPhase section */
		7226F7E52AAEC45500408EE6 /* Frameworks */ = {
			isa = PBXFrameworksBuildPhase;
			buildActionMask = 2147483647;
			files = (
				7226F7EC2AAEC45500408EE6 /* EssentialFeediOS.framework in Frameworks */,
			);
			runOnlyForDeploymentPostprocessing = 0;
		};
		7260592B2A270E5800A88CA6 /* Frameworks */ = {
			isa = PBXFrameworksBuildPhase;
			buildActionMask = 2147483647;
			files = (
				726059322A270E5800A88CA6 /* EssentialFeed.framework in Frameworks */,
			);
			runOnlyForDeploymentPostprocessing = 0;
		};
		729D51C72A4E9E7C009CB3F9 /* Frameworks */ = {
			isa = PBXFrameworksBuildPhase;
			buildActionMask = 2147483647;
			files = (
				729D51E62A506227009CB3F9 /* EssentialFeed.framework in Frameworks */,
			);
			runOnlyForDeploymentPostprocessing = 0;
		};
		72AE35A5299F9B8500A028E1 /* Frameworks */ = {
			isa = PBXFrameworksBuildPhase;
			buildActionMask = 2147483647;
			files = (
			);
			runOnlyForDeploymentPostprocessing = 0;
		};
		72AE35AF299F9B8500A028E1 /* Frameworks */ = {
			isa = PBXFrameworksBuildPhase;
			buildActionMask = 2147483647;
			files = (
				72AE35B3299F9B8500A028E1 /* EssentialFeed.framework in Frameworks */,
			);
			runOnlyForDeploymentPostprocessing = 0;
		};
		72E35C4B29C0DAA300719B28 /* Frameworks */ = {
			isa = PBXFrameworksBuildPhase;
			buildActionMask = 2147483647;
			files = (
				72E35C5229C0DAA300719B28 /* EssentialFeed.framework in Frameworks */,
			);
			runOnlyForDeploymentPostprocessing = 0;
		};
/* End PBXFrameworksBuildPhase section */

/* Begin PBXGroup section */
		722554852AF1D14E00E223BC /* Shared Presentation */ = {
			isa = PBXGroup;
			children = (
				722554862AF1D1A200E223BC /* LoadResourcePresenterTests.swift */,
				7225548D2AF3433800E223BC /* SharedLocalizationTests.swift */,
			);
			path = "Shared Presentation";
			sourceTree = "<group>";
		};
		722554882AF1E53B00E223BC /* Shared Presentation */ = {
			isa = PBXGroup;
			children = (
				722554892AF1E55B00E223BC /* LoadResourcePresenter.swift */,
				72ED6F9C2AF489CA0077BDD0 /* ResourceLoadingView.swift */,
				723D93DB2A7ED8E700EA0D04 /* ResourceLoadingViewModel.swift */,
				72ED6F9E2AF48B3A0077BDD0 /* ResourceErrorView.swift */,
				723D93D92A7ED8AD00EA0D04 /* ResourceErrorViewModel.swift */,
				722554912AF4779100E223BC /* Shared.strings */,
			);
			path = "Shared Presentation";
			sourceTree = "<group>";
		};
		7226F7E92AAEC45500408EE6 /* EssentialFeediOSTests */ = {
			isa = PBXGroup;
			children = (
				7226F7F62AAED94400408EE6 /* Helpers */,
				725C109B2B102B3300AF827B /* Shared UI */,
				725C10862B1029DA00AF827B /* FeedUI */,
				725C10B22B103EFE00AF827B /* Image Comments UI */,
				7226F7F32AAEC53300408EE6 /* EssentialFeediOSTests-Bridging-Header.h */,
			);
			path = EssentialFeediOSTests;
			sourceTree = "<group>";
		};
		7226F7F62AAED94400408EE6 /* Helpers */ = {
			isa = PBXGroup;
			children = (
				725C10B02B103C0600AF827B /* snapshots */,
				7226F7F72AAED96900408EE6 /* UIImage+TestHelpers.swift */,
				72E5CC4C2AB0357200D68895 /* UIViewController+Snapshot.swift */,
				72E5CC4E2AB036A000D68895 /* XCTestCase+Snapshot.swift */,
			);
			path = Helpers;
			sourceTree = "<group>";
		};
		722AEC6D2A7B677700D4F051 /* Feed Presentation */ = {
			isa = PBXGroup;
			children = (
				722AEC6E2A7B679500D4F051 /* FeedPresenterTests.swift */,
				7277A9792A6F936500E3FA8D /* FeedLocalizationTests.swift */,
				722620872A7F80CB0080A17F /* FeedImagePresenterTests.swift */,
			);
			path = "Feed Presentation";
			sourceTree = "<group>";
		};
		723503FB2A8B423800C2EA69 /* Helpers */ = {
			isa = PBXGroup;
			children = (
				723503FC2A8B426300C2EA69 /* HTTPURLResponse+StatusCode.swift */,
			);
			path = Helpers;
			sourceTree = "<group>";
		};
		723503FE2A8B446500C2EA69 /* Helpers */ = {
			isa = PBXGroup;
			children = (
				723503FF2A8B447700C2EA69 /* URLProtocolStub.swift */,
			);
			path = Helpers;
			sourceTree = "<group>";
		};
		7238498E29D9A31400E50D8F /* Feed Cache */ = {
			isa = PBXGroup;
			children = (
				723A9B4C2A905B86002D2E47 /* Helpers */,
				7238498F29D9A35800E50D8F /* CacheFeedUseCaseTests.swift */,
				72459C4D29E6CC3E001601A8 /* LoadFeedFromCacheUseCaseTests.swift */,
				72459C4F29E6CFA9001601A8 /* FeedStoreSpy.swift */,
				7264052C29F1B0F6000F4B32 /* ValidateFeedCacheUseCaseTests.swift */,
				728175B42A15501F009F92F6 /* CoreDataFeedStoreTests.swift */,
				72ABA1572A8BA927000AE5D6 /* LoadFeedImageDataFromCacheUseCaseTests.swift */,
				723A9B4F2A905CC9002D2E47 /* CacheFeedImageDataUseCaseTests.swift */,
				72463A7B2A91C9B100A5855B /* CoreDataFeedImageDataStoreTests.swift */,
			);
			path = "Feed Cache";
			sourceTree = "<group>";
		};
		7238499129DD64B100E50D8F /* Feed Cache */ = {
			isa = PBXGroup;
			children = (
				726059202A23C8C700A88CA6 /* Infrastructure */,
				7238499229DD64D100E50D8F /* LocalFeedLoader.swift */,
				7238499429DD652400E50D8F /* FeedStore.swift */,
				7217D0E729E17E1000E6D75D /* LocalFeedImage.swift */,
				7238098429F453F60009D548 /* FeedCachePolicy.swift */,
				72AB9F302A8F86D500BD8533 /* LocalFeedImageDataLoader.swift */,
				72AB9F322A8F874100BD8533 /* FeedImageDataStore.swift */,
			);
			path = "Feed Cache";
			sourceTree = "<group>";
		};
		723A9B4C2A905B86002D2E47 /* Helpers */ = {
			isa = PBXGroup;
			children = (
				723A9B4D2A905BD5002D2E47 /* FeedImageDataStoreSpy.swift */,
			);
			path = Helpers;
			sourceTree = "<group>";
		};
		723D122229BBB16B00A3E035 /* Helpers */ = {
			isa = PBXGroup;
			children = (
				723D122329BBB1AC00A3E035 /* XCTTestCase+MemoryLeakTrcaking.swift */,
				7211DB1C29F2B9A0004A031D /* FeedCacheTestHelpers.swift */,
				7211DB1E29F2BB00004A031D /* SharedTestHelpers.swift */,
				72ED6F9A2AF4859B0077BDD0 /* SharedLocalizationTestHelpers.swift */,
			);
			path = Helpers;
			sourceTree = "<group>";
		};
		723D683F2B05AC7F00A9C9D8 /* Image Comments Presentation */ = {
			isa = PBXGroup;
			children = (
				723D68402B05ACEC00A9C9D8 /* ImageCommentsPresenterTests.swift */,
				723D68472B07022800A9C9D8 /* ImageCommentsLocalizationTests.swift */,
			);
			path = "Image Comments Presentation";
			sourceTree = "<group>";
		};
		723D68422B05AF2800A9C9D8 /* Image Comments Presentation */ = {
			isa = PBXGroup;
			children = (
				723D68432B05AF9000A9C9D8 /* ImageCommentsPresenter.swift */,
				723D684B2B07083600A9C9D8 /* ImageComments.strings */,
			);
			path = "Image Comments Presentation";
			sourceTree = "<group>";
		};
		723D93D52A7ED61700EA0D04 /* Feed Presentation */ = {
			isa = PBXGroup;
			children = (
				723D93D62A7ED65800EA0D04 /* FeedPresenter.swift */,
				727B7A2B2A80B9760070ABC5 /* FeedImagePresenter.swift */,
				727B7A2D2A80BAED0070ABC5 /* FeedImageViewModel.swift */,
				723D93D22A7EB44100EA0D04 /* Feed.strings */,
			);
			path = "Feed Presentation";
			sourceTree = "<group>";
		};
		724005C82A7A7D34002908F3 /* Helpers */ = {
			isa = PBXGroup;
			children = (
				72F4D5F52A55370D00DEF22D /* UIView + Shimmering.swift */,
				72CA4C172A6A6FC0008069AD /* UIImageView+Animations.swift */,
			);
			path = Helpers;
			sourceTree = "<group>";
		};
		725C10822B10276B00AF827B /* Shared UI */ = {
			isa = PBXGroup;
			children = (
				725C10832B10277D00AF827B /* Controllers */,
				725C10842B1027B200AF827B /* Views */,
			);
			path = "Shared UI";
			sourceTree = "<group>";
		};
		725C10832B10277D00AF827B /* Controllers */ = {
			isa = PBXGroup;
			children = (
				7269829D2A50A65A00CB9C75 /* ListViewController.swift */,
				725C10BE2B16DF1700AF827B /* CellController.swift */,
			);
			path = Controllers;
			sourceTree = "<group>";
		};
		725C10842B1027B200AF827B /* Views */ = {
			isa = PBXGroup;
			children = (
				725C10852B1027FE00AF827B /* Helpers */,
				724005C62A7A5C54002908F3 /* ErrorView.swift */,
			);
			path = Views;
			sourceTree = "<group>";
		};
		725C10852B1027FE00AF827B /* Helpers */ = {
			isa = PBXGroup;
			children = (
				72CA4C152A6A6D83008069AD /* UITableView+Dequeueing.swift */,
				724005CB2A7A80E5002908F3 /* UIRefreshControl+Helpers.swift */,
				72E7B1972AAF139200E78005 /* UITableView+HeaderSizing.swift */,
				72C2ECAD2B26AF52002E07EE /* UIView+Container.swift */,
			);
			path = Helpers;
			sourceTree = "<group>";
		};
		725C10862B1029DA00AF827B /* FeedUI */ = {
			isa = PBXGroup;
			children = (
				7226F7F42AAEC53300408EE6 /* FeedSnapshotTests.swift */,
			);
			path = FeedUI;
			sourceTree = "<group>";
		};
		725C109B2B102B3300AF827B /* Shared UI */ = {
			isa = PBXGroup;
			children = (
				725C109C2B102B5400AF827B /* ListSnapshotTests.swift */,
			);
			path = "Shared UI";
			sourceTree = "<group>";
		};
		725C10B22B103EFE00AF827B /* Image Comments UI */ = {
			isa = PBXGroup;
			children = (
				725C10B32B103F3200AF827B /* ImageCommentsSnapshotTests.swift */,
			);
			path = "Image Comments UI";
			sourceTree = "<group>";
		};
		725C10B52B1097AC00AF827B /* Image Comments UI */ = {
			isa = PBXGroup;
			children = (
				725C10B62B1097CC00AF827B /* Controllers */,
				725C10B92B10995A00AF827B /* Views */,
			);
			path = "Image Comments UI";
			sourceTree = "<group>";
		};
		725C10B62B1097CC00AF827B /* Controllers */ = {
			isa = PBXGroup;
			children = (
				725C10B72B1097E600AF827B /* ImageCommentCellController.swift */,
			);
			path = Controllers;
			sourceTree = "<group>";
		};
		725C10B92B10995A00AF827B /* Views */ = {
			isa = PBXGroup;
			children = (
				725C10BA2B10999E00AF827B /* ImageComments.storyboard */,
				725C10BC2B109D3100AF827B /* ImageCommentCell.swift */,
			);
			path = Views;
			sourceTree = "<group>";
		};
		725F8F012AD65D8200DE1952 /* Shared API */ = {
			isa = PBXGroup;
			children = (
				72AE35CE29AA771600A028E1 /* HTTPClient.swift */,
				72C299CA2B5F50060092A5F5 /* Paginated.swift */,
			);
			path = "Shared API";
			sourceTree = "<group>";
		};
		725F8F022AD65DB600DE1952 /* Shared API Infra */ = {
			isa = PBXGroup;
			children = (
				7248304F29BCA59A00EE4326 /* URLSessionHTTPClient.swift */,
			);
			path = "Shared API Infra";
			sourceTree = "<group>";
		};
		725F8F052AD65E4800DE1952 /* Shared API Infra */ = {
			isa = PBXGroup;
			children = (
				723503FE2A8B446500C2EA69 /* Helpers */,
				7249D04429AFC484008D301D /* URLSessionHTTPClientTests.swift */,
			);
			path = "Shared API Infra";
			sourceTree = "<group>";
		};
		725F8F062AD65F8200DE1952 /* Image Comments API */ = {
			isa = PBXGroup;
			children = (
				72725E3A2AD2BA0A00DA62BC /* ImageCommentsMapper.swift */,
				720F3CA92B3A71D500946F44 /* ImageCommentsEndpoint.swift */,
			);
			path = "Image Comments API";
			sourceTree = "<group>";
		};
		725F8F072AD65FB300DE1952 /* Image Comments API */ = {
			isa = PBXGroup;
			children = (
				723BF7A62AD13209002ACF4C /* ImageCommentsMapperTests.swift */,
				720F3CAB2B3CF7A800946F44 /* ImageCommentsEndpointTests.swift */,
			);
			path = "Image Comments API";
			sourceTree = "<group>";
		};
		726059202A23C8C700A88CA6 /* Infrastructure */ = {
			isa = PBXGroup;
			children = (
				726059212A23C94200A88CA6 /* CoreData */,
			);
			path = Infrastructure;
			sourceTree = "<group>";
		};
		726059212A23C94200A88CA6 /* CoreData */ = {
			isa = PBXGroup;
			children = (
				728175CD2A1BCF24009F92F6 /* FeedStore.xcdatamodeld */,
				728175BD2A1B2780009F92F6 /* CoreDataFeedStore.swift */,
				726059242A23CAE000A88CA6 /* CoreDataHelpers.swift */,
				726059262A23CC6900A88CA6 /* ManagedCache.swift */,
				726059282A23CCA100A88CA6 /* ManagedFeedImage.swift */,
				72B39C492A947C4E000BDB74 /* CoreDataFeedStore+FeedImageDataStore.swift */,
				721BF8742A94DD4800B3E64E /* CoreDataFeedStore+FeedStore.swift */,
			);
			path = CoreData;
			sourceTree = "<group>";
		};
		7260592F2A270E5800A88CA6 /* EssentialFeedCacheIntegrationTests */ = {
			isa = PBXGroup;
			children = (
				7260593A2A28950500A88CA6 /* EssentialFeedCacheIntegrationTests.xctestplan */,
				726059302A270E5800A88CA6 /* EssentialFeedCacheIntegrationTests.swift */,
			);
			path = EssentialFeedCacheIntegrationTests;
			sourceTree = "<group>";
		};
		72672CCC2A5982790057940D /* Feed UI */ = {
			isa = PBXGroup;
			children = (
				72672CCD2A5982870057940D /* Controllers */,
				72672CCE2A5982910057940D /* Views */,
			);
			path = "Feed UI";
			sourceTree = "<group>";
		};
		72672CCD2A5982870057940D /* Controllers */ = {
			isa = PBXGroup;
			children = (
				7258E90A2A5B0769002A8282 /* FeedImageCellController.swift */,
				724C16C72B5D23E50049D817 /* LoadMoreCellController.swift */,
			);
			path = Controllers;
			sourceTree = "<group>";
		};
		72672CCE2A5982910057940D /* Views */ = {
			isa = PBXGroup;
			children = (
				724005C82A7A7D34002908F3 /* Helpers */,
				7269829F2A52974700CB9C75 /* FeedImageCell.swift */,
				724C16C92B5D341E0049D817 /* LoadMoreCell.swift */,
				725557462A68FD9400142609 /* Feed.storyboard */,
				725557482A68FF6000142609 /* Feed.xcassets */,
			);
			path = Views;
			sourceTree = "<group>";
		};
		72725E3C2AD3C54500DA62BC /* Image Comments Feature */ = {
			isa = PBXGroup;
			children = (
				72725E3D2AD3C5AE00DA62BC /* ImageComment.swift */,
			);
			path = "Image Comments Feature";
			sourceTree = "<group>";
		};
		728175BC2A177A92009F92F6 /* FeedStoreSpecs */ = {
			isa = PBXGroup;
			children = (
				729474A72A0B5ACE00A88DC2 /* FeedStoreSpecs.swift */,
				729474A92A0B5C8300A88DC2 /* XCTestCase+FeedStoreSpecs.swift */,
				728175B62A1770DB009F92F6 /* XCTestCase+FailableRetrieveFeedStoreSpecs.swift */,
				728175B82A1773E6009F92F6 /* XCTestCase+FailableInsertFeedStoreSpecs.swift */,
				728175BA2A1778A4009F92F6 /* XCTestCase+FailableDeleteFeedStoreSpecs.swift */,
			);
			path = FeedStoreSpecs;
			sourceTree = "<group>";
		};
		729D51CB2A4E9E7C009CB3F9 /* EssentialFeediOS */ = {
			isa = PBXGroup;
			children = (
				725C10822B10276B00AF827B /* Shared UI */,
				72672CCC2A5982790057940D /* Feed UI */,
				725C10B52B1097AC00AF827B /* Image Comments UI */,
				729D51CD2A4E9E7C009CB3F9 /* EssentialFeediOS.docc */,
				729D51E12A4E9F47009CB3F9 /* EssentialFeediOS.xctestplan */,
			);
			path = EssentialFeediOS;
			sourceTree = "<group>";
		};
		729D51E52A506227009CB3F9 /* Frameworks */ = {
			isa = PBXGroup;
			children = (
			);
			name = Frameworks;
			sourceTree = "<group>";
		};
		72AE359E299F9B8500A028E1 = {
			isa = PBXGroup;
			children = (
				72AE35AA299F9B8500A028E1 /* EssentialFeed */,
				72AE35B6299F9B8500A028E1 /* EssentialFeedTests */,
				72E35C4F29C0DAA300719B28 /* EssentialFeedAPIEndToEndTests */,
				7260592F2A270E5800A88CA6 /* EssentialFeedCacheIntegrationTests */,
				729D51CB2A4E9E7C009CB3F9 /* EssentialFeediOS */,
				7226F7E92AAEC45500408EE6 /* EssentialFeediOSTests */,
				72AE35A9299F9B8500A028E1 /* Products */,
				729D51E52A506227009CB3F9 /* Frameworks */,
			);
			sourceTree = "<group>";
		};
		72AE35A9299F9B8500A028E1 /* Products */ = {
			isa = PBXGroup;
			children = (
				72AE35A8299F9B8500A028E1 /* EssentialFeed.framework */,
				72AE35B2299F9B8500A028E1 /* EssentialFeedTests.xctest */,
				72E35C4E29C0DAA300719B28 /* EssentialFeedAPIEndToEndTests.xctest */,
				7260592E2A270E5800A88CA6 /* EssentialFeedCacheIntegrationTests.xctest */,
				729D51CA2A4E9E7C009CB3F9 /* EssentialFeediOS.framework */,
				7226F7E82AAEC45500408EE6 /* EssentialFeediOSTests.xctest */,
			);
			name = Products;
			sourceTree = "<group>";
		};
		72AE35AA299F9B8500A028E1 /* EssentialFeed */ = {
			isa = PBXGroup;
			children = (
				722554882AF1E53B00E223BC /* Shared Presentation */,
				725F8F022AD65DB600DE1952 /* Shared API Infra */,
				725F8F012AD65D8200DE1952 /* Shared API */,
				723D68422B05AF2800A9C9D8 /* Image Comments Presentation */,
				72725E3C2AD3C54500DA62BC /* Image Comments Feature */,
				725F8F062AD65F8200DE1952 /* Image Comments API */,
				723D93D52A7ED61700EA0D04 /* Feed Presentation */,
				72AE35C8299FA01500A028E1 /* Feed Feature */,
				72AE35CB29A11FE600A028E1 /* Feed API */,
				7238499129DD64B100E50D8F /* Feed Cache */,
				72AE35AB299F9B8500A028E1 /* EssentialFeed.h */,
				72AE35AC299F9B8500A028E1 /* EssentialFeed.docc */,
			);
			path = EssentialFeed;
			sourceTree = "<group>";
		};
		72AE35B6299F9B8500A028E1 /* EssentialFeedTests */ = {
			isa = PBXGroup;
			children = (
				723D122229BBB16B00A3E035 /* Helpers */,
				722554852AF1D14E00E223BC /* Shared Presentation */,
				725F8F052AD65E4800DE1952 /* Shared API Infra */,
				723D683F2B05AC7F00A9C9D8 /* Image Comments Presentation */,
				725F8F072AD65FB300DE1952 /* Image Comments API */,
				722AEC6D2A7B677700D4F051 /* Feed Presentation */,
				728175BC2A177A92009F92F6 /* FeedStoreSpecs */,
				72AE35D329AB451D00A028E1 /* Feed API */,
				7238498E29D9A31400E50D8F /* Feed Cache */,
			);
			path = EssentialFeedTests;
			sourceTree = "<group>";
		};
		72AE35C8299FA01500A028E1 /* Feed Feature */ = {
			isa = PBXGroup;
			children = (
				72AE35C2299F9C6300A028E1 /* FeedImage.swift */,
				72672CCA2A597F3C0057940D /* FeedImageDataLoader.swift */,
				72C32EC02AA386F20079522D /* FeedCache.swift */,
				7287FE4D2AA63638004647A2 /* FeedImageDataCache.swift */,
			);
			path = "Feed Feature";
			sourceTree = "<group>";
		};
		72AE35CB29A11FE600A028E1 /* Feed API */ = {
			isa = PBXGroup;
			children = (
				723503FB2A8B423800C2EA69 /* Helpers */,
				72AE35D029AA77CF00A028E1 /* FeedItemsMapper.swift */,
				72B4C3822AE23E20000E9991 /* FeedImageDataMapper.swift */,
				728EF7B02B3D115900078AB2 /* FeedEndpoint.swift */,
			);
			path = "Feed API";
			sourceTree = "<group>";
		};
		72AE35D329AB451D00A028E1 /* Feed API */ = {
			isa = PBXGroup;
			children = (
				72AE35C9299FAA7C00A028E1 /* FeedItemsMapperTests.swift */,
				728EF7AE2B3D103300078AB2 /* FeedEndpointTests.swift */,
			);
			path = "Feed API";
			sourceTree = "<group>";
		};
		72E35C4F29C0DAA300719B28 /* EssentialFeedAPIEndToEndTests */ = {
			isa = PBXGroup;
			children = (
				726059382A27108E00A88CA6 /* EssentialFeedAPIEndToEndTests.xctestplan */,
				72E35C5029C0DAA300719B28 /* EssentialFeedAPIEndToEndTests.swift */,
			);
			path = EssentialFeedAPIEndToEndTests;
			sourceTree = "<group>";
		};
/* End PBXGroup section */

/* Begin PBXHeadersBuildPhase section */
		729D51C52A4E9E7C009CB3F9 /* Headers */ = {
			isa = PBXHeadersBuildPhase;
			buildActionMask = 2147483647;
			files = (
			);
			runOnlyForDeploymentPostprocessing = 0;
		};
		72AE35A3299F9B8500A028E1 /* Headers */ = {
			isa = PBXHeadersBuildPhase;
			buildActionMask = 2147483647;
			files = (
				72AE35B9299F9B8500A028E1 /* EssentialFeed.h in Headers */,
			);
			runOnlyForDeploymentPostprocessing = 0;
		};
/* End PBXHeadersBuildPhase section */

/* Begin PBXNativeTarget section */
		7226F7E72AAEC45500408EE6 /* EssentialFeediOSTests */ = {
			isa = PBXNativeTarget;
			buildConfigurationList = 7226F7EF2AAEC45500408EE6 /* Build configuration list for PBXNativeTarget "EssentialFeediOSTests" */;
			buildPhases = (
				7226F7E42AAEC45500408EE6 /* Sources */,
				7226F7E52AAEC45500408EE6 /* Frameworks */,
				7226F7E62AAEC45500408EE6 /* Resources */,
			);
			buildRules = (
			);
			dependencies = (
				7226F7EE2AAEC45500408EE6 /* PBXTargetDependency */,
			);
			name = EssentialFeediOSTests;
			productName = EssentialFeediOSTests;
			productReference = 7226F7E82AAEC45500408EE6 /* EssentialFeediOSTests.xctest */;
			productType = "com.apple.product-type.bundle.unit-test";
		};
		7260592D2A270E5800A88CA6 /* EssentialFeedCacheIntegrationTests */ = {
			isa = PBXNativeTarget;
			buildConfigurationList = 726059372A270E5800A88CA6 /* Build configuration list for PBXNativeTarget "EssentialFeedCacheIntegrationTests" */;
			buildPhases = (
				7260592A2A270E5800A88CA6 /* Sources */,
				7260592B2A270E5800A88CA6 /* Frameworks */,
				7260592C2A270E5800A88CA6 /* Resources */,
			);
			buildRules = (
			);
			dependencies = (
				726059342A270E5800A88CA6 /* PBXTargetDependency */,
			);
			name = EssentialFeedCacheIntegrationTests;
			productName = EssentialFeedCacheIntegrationTests;
			productReference = 7260592E2A270E5800A88CA6 /* EssentialFeedCacheIntegrationTests.xctest */;
			productType = "com.apple.product-type.bundle.unit-test";
		};
		729D51C92A4E9E7C009CB3F9 /* EssentialFeediOS */ = {
			isa = PBXNativeTarget;
			buildConfigurationList = 729D51DB2A4E9E7D009CB3F9 /* Build configuration list for PBXNativeTarget "EssentialFeediOS" */;
			buildPhases = (
				729D51C52A4E9E7C009CB3F9 /* Headers */,
				729D51C62A4E9E7C009CB3F9 /* Sources */,
				729D51C72A4E9E7C009CB3F9 /* Frameworks */,
				729D51C82A4E9E7C009CB3F9 /* Resources */,
				729D51EA2A506227009CB3F9 /* Embed Frameworks */,
			);
			buildRules = (
			);
			dependencies = (
				729D51E92A506227009CB3F9 /* PBXTargetDependency */,
			);
			name = EssentialFeediOS;
			productName = EssentialFeediOS;
			productReference = 729D51CA2A4E9E7C009CB3F9 /* EssentialFeediOS.framework */;
			productType = "com.apple.product-type.framework";
		};
		72AE35A7299F9B8500A028E1 /* EssentialFeed */ = {
			isa = PBXNativeTarget;
			buildConfigurationList = 72AE35BC299F9B8500A028E1 /* Build configuration list for PBXNativeTarget "EssentialFeed" */;
			buildPhases = (
				72AE35A3299F9B8500A028E1 /* Headers */,
				72AE35A4299F9B8500A028E1 /* Sources */,
				72AE35A5299F9B8500A028E1 /* Frameworks */,
				72AE35A6299F9B8500A028E1 /* Resources */,
			);
			buildRules = (
			);
			dependencies = (
			);
			name = EssentialFeed;
			productName = EssentialFeed;
			productReference = 72AE35A8299F9B8500A028E1 /* EssentialFeed.framework */;
			productType = "com.apple.product-type.framework";
		};
		72AE35B1299F9B8500A028E1 /* EssentialFeedTests */ = {
			isa = PBXNativeTarget;
			buildConfigurationList = 72AE35BF299F9B8500A028E1 /* Build configuration list for PBXNativeTarget "EssentialFeedTests" */;
			buildPhases = (
				72AE35AE299F9B8500A028E1 /* Sources */,
				72AE35AF299F9B8500A028E1 /* Frameworks */,
				72AE35B0299F9B8500A028E1 /* Resources */,
			);
			buildRules = (
			);
			dependencies = (
				72AE35B5299F9B8500A028E1 /* PBXTargetDependency */,
			);
			name = EssentialFeedTests;
			productName = EssentialFeedTests;
			productReference = 72AE35B2299F9B8500A028E1 /* EssentialFeedTests.xctest */;
			productType = "com.apple.product-type.bundle.unit-test";
		};
		72E35C4D29C0DAA300719B28 /* EssentialFeedAPIEndToEndTests */ = {
			isa = PBXNativeTarget;
			buildConfigurationList = 72E35C5729C0DAA300719B28 /* Build configuration list for PBXNativeTarget "EssentialFeedAPIEndToEndTests" */;
			buildPhases = (
				72E35C4A29C0DAA300719B28 /* Sources */,
				72E35C4B29C0DAA300719B28 /* Frameworks */,
				72E35C4C29C0DAA300719B28 /* Resources */,
			);
			buildRules = (
			);
			dependencies = (
				72E35C5429C0DAA300719B28 /* PBXTargetDependency */,
			);
			name = EssentialFeedAPIEndToEndTests;
			productName = EssentialFeedAPIEndToEndTests;
			productReference = 72E35C4E29C0DAA300719B28 /* EssentialFeedAPIEndToEndTests.xctest */;
			productType = "com.apple.product-type.bundle.unit-test";
		};
/* End PBXNativeTarget section */

/* Begin PBXProject section */
		72AE359F299F9B8500A028E1 /* Project object */ = {
			isa = PBXProject;
			attributes = {
				BuildIndependentTargetsInParallel = 1;
				LastSwiftUpdateCheck = 1430;
				LastUpgradeCheck = 1520;
				TargetAttributes = {
					7226F7E72AAEC45500408EE6 = {
						CreatedOnToolsVersion = 14.3.1;
						LastSwiftMigration = 1430;
					};
					7260592D2A270E5800A88CA6 = {
						CreatedOnToolsVersion = 14.3;
					};
					729D51C92A4E9E7C009CB3F9 = {
						CreatedOnToolsVersion = 14.3;
					};
					72AE35A7299F9B8500A028E1 = {
						CreatedOnToolsVersion = 14.2;
					};
					72AE35B1299F9B8500A028E1 = {
						CreatedOnToolsVersion = 14.2;
					};
					72E35C4D29C0DAA300719B28 = {
						CreatedOnToolsVersion = 14.2;
					};
				};
			};
			buildConfigurationList = 72AE35A2299F9B8500A028E1 /* Build configuration list for PBXProject "EssentialFeed" */;
			compatibilityVersion = "Xcode 14.0";
			developmentRegion = en;
			hasScannedForEncodings = 0;
			knownRegions = (
				en,
				Base,
				"pt-BR",
				ru,
			);
			mainGroup = 72AE359E299F9B8500A028E1;
			productRefGroup = 72AE35A9299F9B8500A028E1 /* Products */;
			projectDirPath = "";
			projectRoot = "";
			targets = (
				72AE35A7299F9B8500A028E1 /* EssentialFeed */,
				72AE35B1299F9B8500A028E1 /* EssentialFeedTests */,
				72E35C4D29C0DAA300719B28 /* EssentialFeedAPIEndToEndTests */,
				7260592D2A270E5800A88CA6 /* EssentialFeedCacheIntegrationTests */,
				729D51C92A4E9E7C009CB3F9 /* EssentialFeediOS */,
				7226F7E72AAEC45500408EE6 /* EssentialFeediOSTests */,
			);
		};
/* End PBXProject section */

/* Begin PBXResourcesBuildPhase section */
		7226F7E62AAEC45500408EE6 /* Resources */ = {
			isa = PBXResourcesBuildPhase;
			buildActionMask = 2147483647;
			files = (
				725C10B12B103C0600AF827B /* snapshots in Resources */,
			);
			runOnlyForDeploymentPostprocessing = 0;
		};
		7260592C2A270E5800A88CA6 /* Resources */ = {
			isa = PBXResourcesBuildPhase;
			buildActionMask = 2147483647;
			files = (
			);
			runOnlyForDeploymentPostprocessing = 0;
		};
		729D51C82A4E9E7C009CB3F9 /* Resources */ = {
			isa = PBXResourcesBuildPhase;
			buildActionMask = 2147483647;
			files = (
				725557472A68FD9400142609 /* Feed.storyboard in Resources */,
				725C10BB2B10999E00AF827B /* ImageComments.storyboard in Resources */,
				725557492A68FF6000142609 /* Feed.xcassets in Resources */,
			);
			runOnlyForDeploymentPostprocessing = 0;
		};
		72AE35A6299F9B8500A028E1 /* Resources */ = {
			isa = PBXResourcesBuildPhase;
			buildActionMask = 2147483647;
			files = (
				723D93D82A7ED7E600EA0D04 /* Feed.strings in Resources */,
				7225548F2AF4779100E223BC /* Shared.strings in Resources */,
				723D68492B07083600A9C9D8 /* ImageComments.strings in Resources */,
			);
			runOnlyForDeploymentPostprocessing = 0;
		};
		72AE35B0299F9B8500A028E1 /* Resources */ = {
			isa = PBXResourcesBuildPhase;
			buildActionMask = 2147483647;
			files = (
			);
			runOnlyForDeploymentPostprocessing = 0;
		};
		72E35C4C29C0DAA300719B28 /* Resources */ = {
			isa = PBXResourcesBuildPhase;
			buildActionMask = 2147483647;
			files = (
			);
			runOnlyForDeploymentPostprocessing = 0;
		};
/* End PBXResourcesBuildPhase section */

/* Begin PBXSourcesBuildPhase section */
		7226F7E42AAEC45500408EE6 /* Sources */ = {
			isa = PBXSourcesBuildPhase;
			buildActionMask = 2147483647;
			files = (
				7226F7F52AAEC53300408EE6 /* FeedSnapshotTests.swift in Sources */,
				72E5CC4D2AB0357200D68895 /* UIViewController+Snapshot.swift in Sources */,
				725C109D2B102B5400AF827B /* ListSnapshotTests.swift in Sources */,
				72E5CC4F2AB036A000D68895 /* XCTestCase+Snapshot.swift in Sources */,
				725C10B42B103F3200AF827B /* ImageCommentsSnapshotTests.swift in Sources */,
				7226F7F82AAED96900408EE6 /* UIImage+TestHelpers.swift in Sources */,
			);
			runOnlyForDeploymentPostprocessing = 0;
		};
		7260592A2A270E5800A88CA6 /* Sources */ = {
			isa = PBXSourcesBuildPhase;
			buildActionMask = 2147483647;
			files = (
				7260593C2A29A6A100A88CA6 /* SharedTestHelpers.swift in Sources */,
				726059392A27776100A88CA6 /* XCTTestCase+MemoryLeakTrcaking.swift in Sources */,
				7260593B2A29A65900A88CA6 /* FeedCacheTestHelpers.swift in Sources */,
				726059312A270E5800A88CA6 /* EssentialFeedCacheIntegrationTests.swift in Sources */,
			);
			runOnlyForDeploymentPostprocessing = 0;
		};
		729D51C62A4E9E7C009CB3F9 /* Sources */ = {
			isa = PBXSourcesBuildPhase;
			buildActionMask = 2147483647;
			files = (
				724C16CA2B5D341E0049D817 /* LoadMoreCell.swift in Sources */,
				7269829E2A50A65A00CB9C75 /* ListViewController.swift in Sources */,
				72CA4C162A6A6D83008069AD /* UITableView+Dequeueing.swift in Sources */,
				72CA4C182A6A6FC0008069AD /* UIImageView+Animations.swift in Sources */,
				725C10B82B1097E600AF827B /* ImageCommentCellController.swift in Sources */,
				7258E90B2A5B0769002A8282 /* FeedImageCellController.swift in Sources */,
				724C16C82B5D23E50049D817 /* LoadMoreCellController.swift in Sources */,
				72E7B1982AAF139200E78005 /* UITableView+HeaderSizing.swift in Sources */,
				72C2ECAE2B26AF52002E07EE /* UIView+Container.swift in Sources */,
				726982A02A52974700CB9C75 /* FeedImageCell.swift in Sources */,
				724005CC2A7A80E5002908F3 /* UIRefreshControl+Helpers.swift in Sources */,
				729D51CE2A4E9E7C009CB3F9 /* EssentialFeediOS.docc in Sources */,
				724005C72A7A5C54002908F3 /* ErrorView.swift in Sources */,
				72F4D5F62A55370D00DEF22D /* UIView + Shimmering.swift in Sources */,
				725C10BF2B16DF1700AF827B /* CellController.swift in Sources */,
				725C10BD2B109D3200AF827B /* ImageCommentCell.swift in Sources */,
			);
			runOnlyForDeploymentPostprocessing = 0;
		};
		72AE35A4299F9B8500A028E1 /* Sources */ = {
			isa = PBXSourcesBuildPhase;
			buildActionMask = 2147483647;
			files = (
				72725E3E2AD3C5AE00DA62BC /* ImageComment.swift in Sources */,
				7217D0E829E17E1000E6D75D /* LocalFeedImage.swift in Sources */,
				728175CF2A1BCF25009F92F6 /* FeedStore.xcdatamodeld in Sources */,
				7238499529DD652400E50D8F /* FeedStore.swift in Sources */,
				720F3CAA2B3A71D500946F44 /* ImageCommentsEndpoint.swift in Sources */,
				728EF7B12B3D115900078AB2 /* FeedEndpoint.swift in Sources */,
				7248305029BCA59A00EE4326 /* URLSessionHTTPClient.swift in Sources */,
				72B39C4A2A947C4E000BDB74 /* CoreDataFeedStore+FeedImageDataStore.swift in Sources */,
				72AB9F332A8F874100BD8533 /* FeedImageDataStore.swift in Sources */,
				723D93D72A7ED65800EA0D04 /* FeedPresenter.swift in Sources */,
				727B7A2C2A80B9760070ABC5 /* FeedImagePresenter.swift in Sources */,
				72AE35CF29AA771600A028E1 /* HTTPClient.swift in Sources */,
				72B4C3832AE23E20000E9991 /* FeedImageDataMapper.swift in Sources */,
				723D93DC2A7ED8E700EA0D04 /* ResourceLoadingViewModel.swift in Sources */,
				726059252A23CAE000A88CA6 /* CoreDataHelpers.swift in Sources */,
				728175BE2A1B2780009F92F6 /* CoreDataFeedStore.swift in Sources */,
				721BF8752A94DD4800B3E64E /* CoreDataFeedStore+FeedStore.swift in Sources */,
				72C299CB2B5F50060092A5F5 /* Paginated.swift in Sources */,
				726247722A82573B0066D302 /* FeedImageDataLoader.swift in Sources */,
				726059272A23CC6900A88CA6 /* ManagedCache.swift in Sources */,
				72AE35D129AA77CF00A028E1 /* FeedItemsMapper.swift in Sources */,
				72C32EC12AA386F30079522D /* FeedCache.swift in Sources */,
				723503FD2A8B426300C2EA69 /* HTTPURLResponse+StatusCode.swift in Sources */,
				72725E3B2AD2BA0A00DA62BC /* ImageCommentsMapper.swift in Sources */,
				7225548A2AF1E55B00E223BC /* LoadResourcePresenter.swift in Sources */,
				7238098529F453F60009D548 /* FeedCachePolicy.swift in Sources */,
				72AE35C3299F9C6300A028E1 /* FeedImage.swift in Sources */,
				72ED6F9F2AF48B3A0077BDD0 /* ResourceErrorView.swift in Sources */,
				726059292A23CCA100A88CA6 /* ManagedFeedImage.swift in Sources */,
				727B7A2E2A80BAED0070ABC5 /* FeedImageViewModel.swift in Sources */,
				72ED6F9D2AF489CA0077BDD0 /* ResourceLoadingView.swift in Sources */,
				7287FE4E2AA63638004647A2 /* FeedImageDataCache.swift in Sources */,
				723D68442B05AF9000A9C9D8 /* ImageCommentsPresenter.swift in Sources */,
				723D93DA2A7ED8AD00EA0D04 /* ResourceErrorViewModel.swift in Sources */,
				72AB9F312A8F86D500BD8533 /* LocalFeedImageDataLoader.swift in Sources */,
				7238499329DD64D100E50D8F /* LocalFeedLoader.swift in Sources */,
				72AE35AD299F9B8500A028E1 /* EssentialFeed.docc in Sources */,
			);
			runOnlyForDeploymentPostprocessing = 0;
		};
		72AE35AE299F9B8500A028E1 /* Sources */ = {
			isa = PBXSourcesBuildPhase;
			buildActionMask = 2147483647;
			files = (
				7225548E2AF3433800E223BC /* SharedLocalizationTests.swift in Sources */,
				72ABA1582A8BA927000AE5D6 /* LoadFeedImageDataFromCacheUseCaseTests.swift in Sources */,
				728175B52A15501F009F92F6 /* CoreDataFeedStoreTests.swift in Sources */,
				723504002A8B447700C2EA69 /* URLProtocolStub.swift in Sources */,
				720F3CAC2B3CF7A800946F44 /* ImageCommentsEndpointTests.swift in Sources */,
				723D68412B05ACEC00A9C9D8 /* ImageCommentsPresenterTests.swift in Sources */,
				7211DB1D29F2B9A0004A031D /* FeedCacheTestHelpers.swift in Sources */,
				722AEC6F2A7B679500D4F051 /* FeedPresenterTests.swift in Sources */,
				728175B72A1770DB009F92F6 /* XCTestCase+FailableRetrieveFeedStoreSpecs.swift in Sources */,
				722620882A7F80CB0080A17F /* FeedImagePresenterTests.swift in Sources */,
				7264052D29F1B0F6000F4B32 /* ValidateFeedCacheUseCaseTests.swift in Sources */,
				723A9B502A905CC9002D2E47 /* CacheFeedImageDataUseCaseTests.swift in Sources */,
				722620862A7EE9E40080A17F /* FeedLocalizationTests.swift in Sources */,
				72AE35CA299FAA7C00A028E1 /* FeedItemsMapperTests.swift in Sources */,
				7249D04529AFC484008D301D /* URLSessionHTTPClientTests.swift in Sources */,
				72ED6F9B2AF4859B0077BDD0 /* SharedLocalizationTestHelpers.swift in Sources */,
				723D68482B07022800A9C9D8 /* ImageCommentsLocalizationTests.swift in Sources */,
				723BF7A72AD13209002ACF4C /* ImageCommentsMapperTests.swift in Sources */,
				72459C5029E6CFA9001601A8 /* FeedStoreSpy.swift in Sources */,
				7211DB1F29F2BB00004A031D /* SharedTestHelpers.swift in Sources */,
				728EF7AF2B3D103300078AB2 /* FeedEndpointTests.swift in Sources */,
				723A9B4E2A905BD5002D2E47 /* FeedImageDataStoreSpy.swift in Sources */,
				72463A7C2A91C9B100A5855B /* CoreDataFeedImageDataStoreTests.swift in Sources */,
				7238499029D9A35800E50D8F /* CacheFeedUseCaseTests.swift in Sources */,
				72459C4E29E6CC3E001601A8 /* LoadFeedFromCacheUseCaseTests.swift in Sources */,
				729474A82A0B5ACE00A88DC2 /* FeedStoreSpecs.swift in Sources */,
				728175BB2A1778A4009F92F6 /* XCTestCase+FailableDeleteFeedStoreSpecs.swift in Sources */,
				723D122429BBB1AC00A3E035 /* XCTTestCase+MemoryLeakTrcaking.swift in Sources */,
				722554872AF1D1A200E223BC /* LoadResourcePresenterTests.swift in Sources */,
				729474AA2A0B5C8300A88DC2 /* XCTestCase+FeedStoreSpecs.swift in Sources */,
				728175B92A1773E6009F92F6 /* XCTestCase+FailableInsertFeedStoreSpecs.swift in Sources */,
			);
			runOnlyForDeploymentPostprocessing = 0;
		};
		72E35C4A29C0DAA300719B28 /* Sources */ = {
			isa = PBXSourcesBuildPhase;
			buildActionMask = 2147483647;
			files = (
				72E35C5829C342A700719B28 /* XCTTestCase+MemoryLeakTrcaking.swift in Sources */,
				72E35C5129C0DAA300719B28 /* EssentialFeedAPIEndToEndTests.swift in Sources */,
			);
			runOnlyForDeploymentPostprocessing = 0;
		};
/* End PBXSourcesBuildPhase section */

/* Begin PBXTargetDependency section */
		7226F7EE2AAEC45500408EE6 /* PBXTargetDependency */ = {
			isa = PBXTargetDependency;
			target = 729D51C92A4E9E7C009CB3F9 /* EssentialFeediOS */;
			targetProxy = 7226F7ED2AAEC45500408EE6 /* PBXContainerItemProxy */;
		};
		726059342A270E5800A88CA6 /* PBXTargetDependency */ = {
			isa = PBXTargetDependency;
			target = 72AE35A7299F9B8500A028E1 /* EssentialFeed */;
			targetProxy = 726059332A270E5800A88CA6 /* PBXContainerItemProxy */;
		};
		729D51E92A506227009CB3F9 /* PBXTargetDependency */ = {
			isa = PBXTargetDependency;
			platformFilter = ios;
			target = 72AE35A7299F9B8500A028E1 /* EssentialFeed */;
			targetProxy = 729D51E82A506227009CB3F9 /* PBXContainerItemProxy */;
		};
		72AE35B5299F9B8500A028E1 /* PBXTargetDependency */ = {
			isa = PBXTargetDependency;
			target = 72AE35A7299F9B8500A028E1 /* EssentialFeed */;
			targetProxy = 72AE35B4299F9B8500A028E1 /* PBXContainerItemProxy */;
		};
		72E35C5429C0DAA300719B28 /* PBXTargetDependency */ = {
			isa = PBXTargetDependency;
			target = 72AE35A7299F9B8500A028E1 /* EssentialFeed */;
			targetProxy = 72E35C5329C0DAA300719B28 /* PBXContainerItemProxy */;
		};
/* End PBXTargetDependency section */

/* Begin PBXVariantGroup section */
		722554912AF4779100E223BC /* Shared.strings */ = {
			isa = PBXVariantGroup;
			children = (
				722554902AF4779100E223BC /* en */,
				722554922AF4779500E223BC /* pt-BR */,
				722554932AF4779600E223BC /* ru */,
			);
			name = Shared.strings;
			sourceTree = "<group>";
		};
		723D684B2B07083600A9C9D8 /* ImageComments.strings */ = {
			isa = PBXVariantGroup;
			children = (
				723D684A2B07083600A9C9D8 /* en */,
				723D684C2B07084300A9C9D8 /* pt-BR */,
				723D684D2B07084400A9C9D8 /* ru */,
			);
			name = ImageComments.strings;
			sourceTree = "<group>";
		};
		723D93D22A7EB44100EA0D04 /* Feed.strings */ = {
			isa = PBXVariantGroup;
			children = (
				723D93D12A7EB44100EA0D04 /* en */,
				723D93D32A7EB44700EA0D04 /* pt-BR */,
				723D93D42A7EB44800EA0D04 /* ru */,
			);
			name = Feed.strings;
			sourceTree = "<group>";
		};
/* End PBXVariantGroup section */

/* Begin XCBuildConfiguration section */
		7226F7F02AAEC45500408EE6 /* Debug */ = {
			isa = XCBuildConfiguration;
			buildSettings = {
				CLANG_ENABLE_MODULES = YES;
				CODE_SIGN_STYLE = Automatic;
				CURRENT_PROJECT_VERSION = 1;
				DEVELOPMENT_TEAM = 4M8K7D2NVG;
				GENERATE_INFOPLIST_FILE = YES;
				IPHONEOS_DEPLOYMENT_TARGET = 16.4;
				MARKETING_VERSION = 1.0;
				PRODUCT_BUNDLE_IDENTIFIER = gack.ru.EssentialFeediOSTests;
				PRODUCT_NAME = "$(TARGET_NAME)";
				SDKROOT = iphoneos;
				SWIFT_EMIT_LOC_STRINGS = NO;
				SWIFT_OBJC_BRIDGING_HEADER = "EssentialFeediOSTests/EssentialFeediOSTests-Bridging-Header.h";
				SWIFT_OPTIMIZATION_LEVEL = "-Onone";
				SWIFT_VERSION = 5.0;
				TARGETED_DEVICE_FAMILY = "1,2";
			};
			name = Debug;
		};
		7226F7F12AAEC45500408EE6 /* Release */ = {
			isa = XCBuildConfiguration;
			buildSettings = {
				CLANG_ENABLE_MODULES = YES;
				CODE_SIGN_STYLE = Automatic;
				CURRENT_PROJECT_VERSION = 1;
				DEVELOPMENT_TEAM = 4M8K7D2NVG;
				GENERATE_INFOPLIST_FILE = YES;
				IPHONEOS_DEPLOYMENT_TARGET = 16.4;
				MARKETING_VERSION = 1.0;
				PRODUCT_BUNDLE_IDENTIFIER = gack.ru.EssentialFeediOSTests;
				PRODUCT_NAME = "$(TARGET_NAME)";
				SDKROOT = iphoneos;
				SWIFT_EMIT_LOC_STRINGS = NO;
				SWIFT_OBJC_BRIDGING_HEADER = "EssentialFeediOSTests/EssentialFeediOSTests-Bridging-Header.h";
				SWIFT_VERSION = 5.0;
				TARGETED_DEVICE_FAMILY = "1,2";
				VALIDATE_PRODUCT = YES;
			};
			name = Release;
		};
		726059352A270E5800A88CA6 /* Debug */ = {
			isa = XCBuildConfiguration;
			buildSettings = {
				CODE_SIGN_STYLE = Automatic;
				CURRENT_PROJECT_VERSION = 1;
				DEVELOPMENT_TEAM = 4M8K7D2NVG;
				GENERATE_INFOPLIST_FILE = YES;
				MACOSX_DEPLOYMENT_TARGET = 13.3;
				MARKETING_VERSION = 1.0;
				PRODUCT_BUNDLE_IDENTIFIER = ru.gakmen.EssentialFeedCacheIntegrationTests;
				PRODUCT_NAME = "$(TARGET_NAME)";
				SUPPORTED_PLATFORMS = "macosx iphoneos iphonesimulator";
				SWIFT_EMIT_LOC_STRINGS = NO;
				SWIFT_VERSION = 5.0;
			};
			name = Debug;
		};
		726059362A270E5800A88CA6 /* Release */ = {
			isa = XCBuildConfiguration;
			buildSettings = {
				CODE_SIGN_STYLE = Automatic;
				CURRENT_PROJECT_VERSION = 1;
				DEVELOPMENT_TEAM = 4M8K7D2NVG;
				GENERATE_INFOPLIST_FILE = YES;
				MACOSX_DEPLOYMENT_TARGET = 13.3;
				MARKETING_VERSION = 1.0;
				PRODUCT_BUNDLE_IDENTIFIER = ru.gakmen.EssentialFeedCacheIntegrationTests;
				PRODUCT_NAME = "$(TARGET_NAME)";
				SUPPORTED_PLATFORMS = "macosx iphoneos iphonesimulator";
				SWIFT_EMIT_LOC_STRINGS = NO;
				SWIFT_VERSION = 5.0;
			};
			name = Release;
		};
		729D51DC2A4E9E7D009CB3F9 /* Debug */ = {
			isa = XCBuildConfiguration;
			buildSettings = {
				CODE_SIGN_IDENTITY = "";
				CODE_SIGN_STYLE = Automatic;
				CURRENT_PROJECT_VERSION = 1;
				DEFINES_MODULE = YES;
				DEVELOPMENT_TEAM = 4M8K7D2NVG;
				DYLIB_COMPATIBILITY_VERSION = 1;
				DYLIB_CURRENT_VERSION = 1;
				DYLIB_INSTALL_NAME_BASE = "@rpath";
				ENABLE_MODULE_VERIFIER = YES;
				GENERATE_INFOPLIST_FILE = YES;
				INFOPLIST_KEY_NSHumanReadableCopyright = "";
				INSTALL_PATH = "$(LOCAL_LIBRARY_DIR)/Frameworks";
				IPHONEOS_DEPLOYMENT_TARGET = 16.4;
				LD_RUNPATH_SEARCH_PATHS = (
					"$(inherited)",
					"@executable_path/Frameworks",
					"@loader_path/Frameworks",
				);
				MARKETING_VERSION = 1.0;
				MODULE_VERIFIER_SUPPORTED_LANGUAGES = "objective-c objective-c++";
				MODULE_VERIFIER_SUPPORTED_LANGUAGE_STANDARDS = "gnu11 gnu++20";
				PRODUCT_BUNDLE_IDENTIFIER = ru.gakmen.EssentialFeediOS;
				PRODUCT_NAME = "$(TARGET_NAME:c99extidentifier)";
				SDKROOT = iphoneos;
				SKIP_INSTALL = YES;
				SWIFT_EMIT_LOC_STRINGS = YES;
				SWIFT_VERSION = 5.0;
				TARGETED_DEVICE_FAMILY = "1,2";
			};
			name = Debug;
		};
		729D51DD2A4E9E7D009CB3F9 /* Release */ = {
			isa = XCBuildConfiguration;
			buildSettings = {
				CODE_SIGN_IDENTITY = "";
				CODE_SIGN_STYLE = Automatic;
				CURRENT_PROJECT_VERSION = 1;
				DEFINES_MODULE = YES;
				DEVELOPMENT_TEAM = 4M8K7D2NVG;
				DYLIB_COMPATIBILITY_VERSION = 1;
				DYLIB_CURRENT_VERSION = 1;
				DYLIB_INSTALL_NAME_BASE = "@rpath";
				ENABLE_MODULE_VERIFIER = YES;
				GENERATE_INFOPLIST_FILE = YES;
				INFOPLIST_KEY_NSHumanReadableCopyright = "";
				INSTALL_PATH = "$(LOCAL_LIBRARY_DIR)/Frameworks";
				IPHONEOS_DEPLOYMENT_TARGET = 16.4;
				LD_RUNPATH_SEARCH_PATHS = (
					"$(inherited)",
					"@executable_path/Frameworks",
					"@loader_path/Frameworks",
				);
				MARKETING_VERSION = 1.0;
				MODULE_VERIFIER_SUPPORTED_LANGUAGES = "objective-c objective-c++";
				MODULE_VERIFIER_SUPPORTED_LANGUAGE_STANDARDS = "gnu11 gnu++20";
				PRODUCT_BUNDLE_IDENTIFIER = ru.gakmen.EssentialFeediOS;
				PRODUCT_NAME = "$(TARGET_NAME:c99extidentifier)";
				SDKROOT = iphoneos;
				SKIP_INSTALL = YES;
				SWIFT_EMIT_LOC_STRINGS = YES;
				SWIFT_VERSION = 5.0;
				TARGETED_DEVICE_FAMILY = "1,2";
				VALIDATE_PRODUCT = YES;
			};
			name = Release;
		};
		72AE35BA299F9B8500A028E1 /* Debug */ = {
			isa = XCBuildConfiguration;
			buildSettings = {
				ALWAYS_SEARCH_USER_PATHS = NO;
				ASSETCATALOG_COMPILER_GENERATE_SWIFT_ASSET_SYMBOL_EXTENSIONS = YES;
				CLANG_ANALYZER_LOCALIZABILITY_NONLOCALIZED = YES;
				CLANG_ANALYZER_NONNULL = YES;
				CLANG_ANALYZER_NUMBER_OBJECT_CONVERSION = YES_AGGRESSIVE;
				CLANG_CXX_LANGUAGE_STANDARD = "gnu++20";
				CLANG_ENABLE_MODULES = YES;
				CLANG_ENABLE_OBJC_ARC = YES;
				CLANG_ENABLE_OBJC_WEAK = YES;
				CLANG_WARN_BLOCK_CAPTURE_AUTORELEASING = YES;
				CLANG_WARN_BOOL_CONVERSION = YES;
				CLANG_WARN_COMMA = YES;
				CLANG_WARN_CONSTANT_CONVERSION = YES;
				CLANG_WARN_DEPRECATED_OBJC_IMPLEMENTATIONS = YES;
				CLANG_WARN_DIRECT_OBJC_ISA_USAGE = YES_ERROR;
				CLANG_WARN_DOCUMENTATION_COMMENTS = YES;
				CLANG_WARN_EMPTY_BODY = YES;
				CLANG_WARN_ENUM_CONVERSION = YES;
				CLANG_WARN_INFINITE_RECURSION = YES;
				CLANG_WARN_INT_CONVERSION = YES;
				CLANG_WARN_NON_LITERAL_NULL_CONVERSION = YES;
				CLANG_WARN_OBJC_IMPLICIT_RETAIN_SELF = YES;
				CLANG_WARN_OBJC_LITERAL_CONVERSION = YES;
				CLANG_WARN_OBJC_ROOT_CLASS = YES_ERROR;
				CLANG_WARN_QUOTED_INCLUDE_IN_FRAMEWORK_HEADER = YES;
				CLANG_WARN_RANGE_LOOP_ANALYSIS = YES;
				CLANG_WARN_STRICT_PROTOTYPES = YES;
				CLANG_WARN_SUSPICIOUS_MOVE = YES;
				CLANG_WARN_UNGUARDED_AVAILABILITY = YES_AGGRESSIVE;
				CLANG_WARN_UNREACHABLE_CODE = YES;
				CLANG_WARN__DUPLICATE_METHOD_MATCH = YES;
				COPY_PHASE_STRIP = NO;
				CURRENT_PROJECT_VERSION = 1;
				DEAD_CODE_STRIPPING = YES;
				DEBUG_INFORMATION_FORMAT = dwarf;
				ENABLE_STRICT_OBJC_MSGSEND = YES;
				ENABLE_TESTABILITY = YES;
				ENABLE_USER_SCRIPT_SANDBOXING = YES;
				GCC_C_LANGUAGE_STANDARD = gnu11;
				GCC_DYNAMIC_NO_PIC = NO;
				GCC_NO_COMMON_BLOCKS = YES;
				GCC_OPTIMIZATION_LEVEL = 0;
				GCC_PREPROCESSOR_DEFINITIONS = (
					"DEBUG=1",
					"$(inherited)",
				);
				GCC_WARN_64_TO_32_BIT_CONVERSION = YES;
				GCC_WARN_ABOUT_RETURN_TYPE = YES_ERROR;
				GCC_WARN_UNDECLARED_SELECTOR = YES;
				GCC_WARN_UNINITIALIZED_AUTOS = YES_AGGRESSIVE;
				GCC_WARN_UNUSED_FUNCTION = YES;
				GCC_WARN_UNUSED_VARIABLE = YES;
				IPHONEOS_DEPLOYMENT_TARGET = 13.0;
				MACOSX_DEPLOYMENT_TARGET = 13.1;
				MTL_ENABLE_DEBUG_INFO = INCLUDE_SOURCE;
				MTL_FAST_MATH = YES;
				ONLY_ACTIVE_ARCH = YES;
				SDKROOT = macosx;
				SWIFT_ACTIVE_COMPILATION_CONDITIONS = DEBUG;
				SWIFT_OPTIMIZATION_LEVEL = "-Onone";
				VERSIONING_SYSTEM = "apple-generic";
				VERSION_INFO_PREFIX = "";
			};
			name = Debug;
		};
		72AE35BB299F9B8500A028E1 /* Release */ = {
			isa = XCBuildConfiguration;
			buildSettings = {
				ALWAYS_SEARCH_USER_PATHS = NO;
				ASSETCATALOG_COMPILER_GENERATE_SWIFT_ASSET_SYMBOL_EXTENSIONS = YES;
				CLANG_ANALYZER_LOCALIZABILITY_NONLOCALIZED = YES;
				CLANG_ANALYZER_NONNULL = YES;
				CLANG_ANALYZER_NUMBER_OBJECT_CONVERSION = YES_AGGRESSIVE;
				CLANG_CXX_LANGUAGE_STANDARD = "gnu++20";
				CLANG_ENABLE_MODULES = YES;
				CLANG_ENABLE_OBJC_ARC = YES;
				CLANG_ENABLE_OBJC_WEAK = YES;
				CLANG_WARN_BLOCK_CAPTURE_AUTORELEASING = YES;
				CLANG_WARN_BOOL_CONVERSION = YES;
				CLANG_WARN_COMMA = YES;
				CLANG_WARN_CONSTANT_CONVERSION = YES;
				CLANG_WARN_DEPRECATED_OBJC_IMPLEMENTATIONS = YES;
				CLANG_WARN_DIRECT_OBJC_ISA_USAGE = YES_ERROR;
				CLANG_WARN_DOCUMENTATION_COMMENTS = YES;
				CLANG_WARN_EMPTY_BODY = YES;
				CLANG_WARN_ENUM_CONVERSION = YES;
				CLANG_WARN_INFINITE_RECURSION = YES;
				CLANG_WARN_INT_CONVERSION = YES;
				CLANG_WARN_NON_LITERAL_NULL_CONVERSION = YES;
				CLANG_WARN_OBJC_IMPLICIT_RETAIN_SELF = YES;
				CLANG_WARN_OBJC_LITERAL_CONVERSION = YES;
				CLANG_WARN_OBJC_ROOT_CLASS = YES_ERROR;
				CLANG_WARN_QUOTED_INCLUDE_IN_FRAMEWORK_HEADER = YES;
				CLANG_WARN_RANGE_LOOP_ANALYSIS = YES;
				CLANG_WARN_STRICT_PROTOTYPES = YES;
				CLANG_WARN_SUSPICIOUS_MOVE = YES;
				CLANG_WARN_UNGUARDED_AVAILABILITY = YES_AGGRESSIVE;
				CLANG_WARN_UNREACHABLE_CODE = YES;
				CLANG_WARN__DUPLICATE_METHOD_MATCH = YES;
				COPY_PHASE_STRIP = NO;
				CURRENT_PROJECT_VERSION = 1;
				DEAD_CODE_STRIPPING = YES;
				DEBUG_INFORMATION_FORMAT = "dwarf-with-dsym";
				ENABLE_NS_ASSERTIONS = NO;
				ENABLE_STRICT_OBJC_MSGSEND = YES;
				ENABLE_USER_SCRIPT_SANDBOXING = YES;
				GCC_C_LANGUAGE_STANDARD = gnu11;
				GCC_NO_COMMON_BLOCKS = YES;
				GCC_WARN_64_TO_32_BIT_CONVERSION = YES;
				GCC_WARN_ABOUT_RETURN_TYPE = YES_ERROR;
				GCC_WARN_UNDECLARED_SELECTOR = YES;
				GCC_WARN_UNINITIALIZED_AUTOS = YES_AGGRESSIVE;
				GCC_WARN_UNUSED_FUNCTION = YES;
				GCC_WARN_UNUSED_VARIABLE = YES;
				IPHONEOS_DEPLOYMENT_TARGET = 13.0;
				MACOSX_DEPLOYMENT_TARGET = 13.1;
				MTL_ENABLE_DEBUG_INFO = NO;
				MTL_FAST_MATH = YES;
				SDKROOT = macosx;
				SWIFT_COMPILATION_MODE = wholemodule;
				SWIFT_OPTIMIZATION_LEVEL = "-O";
				VERSIONING_SYSTEM = "apple-generic";
				VERSION_INFO_PREFIX = "";
			};
			name = Release;
		};
		72AE35BD299F9B8500A028E1 /* Debug */ = {
			isa = XCBuildConfiguration;
			buildSettings = {
				CODE_SIGN_IDENTITY = "";
				CODE_SIGN_STYLE = Automatic;
				COMBINE_HIDPI_IMAGES = YES;
				CURRENT_PROJECT_VERSION = 1;
				DEAD_CODE_STRIPPING = YES;
				DEFINES_MODULE = YES;
				DEVELOPMENT_TEAM = 4M8K7D2NVG;
				DYLIB_COMPATIBILITY_VERSION = 1;
				DYLIB_CURRENT_VERSION = 1;
				DYLIB_INSTALL_NAME_BASE = "@rpath";
				ENABLE_MODULE_VERIFIER = YES;
				GENERATE_INFOPLIST_FILE = YES;
				INFOPLIST_KEY_NSHumanReadableCopyright = "";
				INSTALL_PATH = "$(LOCAL_LIBRARY_DIR)/Frameworks";
				LD_RUNPATH_SEARCH_PATHS = (
					"$(inherited)",
					"@executable_path/../Frameworks",
					"@loader_path/Frameworks",
				);
				MACOSX_DEPLOYMENT_TARGET = 12.4;
				MARKETING_VERSION = 1.0;
				MODULE_VERIFIER_SUPPORTED_LANGUAGES = "objective-c objective-c++";
				MODULE_VERIFIER_SUPPORTED_LANGUAGE_STANDARDS = "gnu11 gnu++20";
				PRODUCT_BUNDLE_IDENTIFIER = ru.gakmen.EssentialFeed;
				PRODUCT_NAME = "$(TARGET_NAME:c99extidentifier)";
				SDKROOT = macosx;
				SKIP_INSTALL = YES;
				SUPPORTED_PLATFORMS = "macosx iphoneos iphonesimulator";
				SWIFT_EMIT_LOC_STRINGS = YES;
				SWIFT_VERSION = 5.0;
			};
			name = Debug;
		};
		72AE35BE299F9B8500A028E1 /* Release */ = {
			isa = XCBuildConfiguration;
			buildSettings = {
				CODE_SIGN_IDENTITY = "";
				CODE_SIGN_STYLE = Automatic;
				COMBINE_HIDPI_IMAGES = YES;
				CURRENT_PROJECT_VERSION = 1;
				DEAD_CODE_STRIPPING = YES;
				DEFINES_MODULE = YES;
				DEVELOPMENT_TEAM = 4M8K7D2NVG;
				DYLIB_COMPATIBILITY_VERSION = 1;
				DYLIB_CURRENT_VERSION = 1;
				DYLIB_INSTALL_NAME_BASE = "@rpath";
				ENABLE_MODULE_VERIFIER = YES;
				GENERATE_INFOPLIST_FILE = YES;
				INFOPLIST_KEY_NSHumanReadableCopyright = "";
				INSTALL_PATH = "$(LOCAL_LIBRARY_DIR)/Frameworks";
				LD_RUNPATH_SEARCH_PATHS = (
					"$(inherited)",
					"@executable_path/../Frameworks",
					"@loader_path/Frameworks",
				);
				MACOSX_DEPLOYMENT_TARGET = 12.4;
				MARKETING_VERSION = 1.0;
				MODULE_VERIFIER_SUPPORTED_LANGUAGES = "objective-c objective-c++";
				MODULE_VERIFIER_SUPPORTED_LANGUAGE_STANDARDS = "gnu11 gnu++20";
				PRODUCT_BUNDLE_IDENTIFIER = ru.gakmen.EssentialFeed;
				PRODUCT_NAME = "$(TARGET_NAME:c99extidentifier)";
				SDKROOT = macosx;
				SKIP_INSTALL = YES;
				SUPPORTED_PLATFORMS = "macosx iphoneos iphonesimulator";
				SWIFT_EMIT_LOC_STRINGS = YES;
				SWIFT_VERSION = 5.0;
			};
			name = Release;
		};
		72AE35C0299F9B8500A028E1 /* Debug */ = {
			isa = XCBuildConfiguration;
			buildSettings = {
				ALWAYS_EMBED_SWIFT_STANDARD_LIBRARIES = YES;
				CODE_SIGN_STYLE = Automatic;
				CURRENT_PROJECT_VERSION = 1;
				DEAD_CODE_STRIPPING = YES;
				DEVELOPMENT_TEAM = 4M8K7D2NVG;
				GENERATE_INFOPLIST_FILE = YES;
				MACOSX_DEPLOYMENT_TARGET = 12.4;
				MARKETING_VERSION = 1.0;
				PRODUCT_BUNDLE_IDENTIFIER = ru.gakmen.EssentialFeedTests;
				PRODUCT_NAME = "$(TARGET_NAME)";
				SUPPORTED_PLATFORMS = "macosx iphoneos iphonesimulator";
				SWIFT_EMIT_LOC_STRINGS = NO;
				SWIFT_VERSION = 5.0;
			};
			name = Debug;
		};
		72AE35C1299F9B8500A028E1 /* Release */ = {
			isa = XCBuildConfiguration;
			buildSettings = {
				ALWAYS_EMBED_SWIFT_STANDARD_LIBRARIES = YES;
				CODE_SIGN_STYLE = Automatic;
				CURRENT_PROJECT_VERSION = 1;
				DEAD_CODE_STRIPPING = YES;
				DEVELOPMENT_TEAM = 4M8K7D2NVG;
				GENERATE_INFOPLIST_FILE = YES;
				MACOSX_DEPLOYMENT_TARGET = 12.4;
				MARKETING_VERSION = 1.0;
				PRODUCT_BUNDLE_IDENTIFIER = ru.gakmen.EssentialFeedTests;
				PRODUCT_NAME = "$(TARGET_NAME)";
				SUPPORTED_PLATFORMS = "macosx iphoneos iphonesimulator";
				SWIFT_EMIT_LOC_STRINGS = NO;
				SWIFT_VERSION = 5.0;
			};
			name = Release;
		};
		72E35C5529C0DAA300719B28 /* Debug */ = {
			isa = XCBuildConfiguration;
			buildSettings = {
				CODE_SIGN_STYLE = Automatic;
				CURRENT_PROJECT_VERSION = 1;
				DEAD_CODE_STRIPPING = YES;
				DEVELOPMENT_TEAM = 4M8K7D2NVG;
				GENERATE_INFOPLIST_FILE = YES;
				MACOSX_DEPLOYMENT_TARGET = 12.4;
				MARKETING_VERSION = 1.0;
				PRODUCT_BUNDLE_IDENTIFIER = ru.gakmen.EssentialFeedAPIEndToEndTests;
				PRODUCT_NAME = "$(TARGET_NAME)";
				SUPPORTED_PLATFORMS = "macosx iphoneos iphonesimulator";
				SWIFT_EMIT_LOC_STRINGS = NO;
				SWIFT_VERSION = 5.0;
			};
			name = Debug;
		};
		72E35C5629C0DAA300719B28 /* Release */ = {
			isa = XCBuildConfiguration;
			buildSettings = {
				CODE_SIGN_STYLE = Automatic;
				CURRENT_PROJECT_VERSION = 1;
				DEAD_CODE_STRIPPING = YES;
				DEVELOPMENT_TEAM = 4M8K7D2NVG;
				GENERATE_INFOPLIST_FILE = YES;
				MACOSX_DEPLOYMENT_TARGET = 12.4;
				MARKETING_VERSION = 1.0;
				PRODUCT_BUNDLE_IDENTIFIER = ru.gakmen.EssentialFeedAPIEndToEndTests;
				PRODUCT_NAME = "$(TARGET_NAME)";
				SUPPORTED_PLATFORMS = "macosx iphoneos iphonesimulator";
				SWIFT_EMIT_LOC_STRINGS = NO;
				SWIFT_VERSION = 5.0;
			};
			name = Release;
		};
/* End XCBuildConfiguration section */

/* Begin XCConfigurationList section */
		7226F7EF2AAEC45500408EE6 /* Build configuration list for PBXNativeTarget "EssentialFeediOSTests" */ = {
			isa = XCConfigurationList;
			buildConfigurations = (
				7226F7F02AAEC45500408EE6 /* Debug */,
				7226F7F12AAEC45500408EE6 /* Release */,
			);
			defaultConfigurationIsVisible = 0;
			defaultConfigurationName = Release;
		};
		726059372A270E5800A88CA6 /* Build configuration list for PBXNativeTarget "EssentialFeedCacheIntegrationTests" */ = {
			isa = XCConfigurationList;
			buildConfigurations = (
				726059352A270E5800A88CA6 /* Debug */,
				726059362A270E5800A88CA6 /* Release */,
			);
			defaultConfigurationIsVisible = 0;
			defaultConfigurationName = Release;
		};
		729D51DB2A4E9E7D009CB3F9 /* Build configuration list for PBXNativeTarget "EssentialFeediOS" */ = {
			isa = XCConfigurationList;
			buildConfigurations = (
				729D51DC2A4E9E7D009CB3F9 /* Debug */,
				729D51DD2A4E9E7D009CB3F9 /* Release */,
			);
			defaultConfigurationIsVisible = 0;
			defaultConfigurationName = Release;
		};
		72AE35A2299F9B8500A028E1 /* Build configuration list for PBXProject "EssentialFeed" */ = {
			isa = XCConfigurationList;
			buildConfigurations = (
				72AE35BA299F9B8500A028E1 /* Debug */,
				72AE35BB299F9B8500A028E1 /* Release */,
			);
			defaultConfigurationIsVisible = 0;
			defaultConfigurationName = Release;
		};
		72AE35BC299F9B8500A028E1 /* Build configuration list for PBXNativeTarget "EssentialFeed" */ = {
			isa = XCConfigurationList;
			buildConfigurations = (
				72AE35BD299F9B8500A028E1 /* Debug */,
				72AE35BE299F9B8500A028E1 /* Release */,
			);
			defaultConfigurationIsVisible = 0;
			defaultConfigurationName = Release;
		};
		72AE35BF299F9B8500A028E1 /* Build configuration list for PBXNativeTarget "EssentialFeedTests" */ = {
			isa = XCConfigurationList;
			buildConfigurations = (
				72AE35C0299F9B8500A028E1 /* Debug */,
				72AE35C1299F9B8500A028E1 /* Release */,
			);
			defaultConfigurationIsVisible = 0;
			defaultConfigurationName = Release;
		};
		72E35C5729C0DAA300719B28 /* Build configuration list for PBXNativeTarget "EssentialFeedAPIEndToEndTests" */ = {
			isa = XCConfigurationList;
			buildConfigurations = (
				72E35C5529C0DAA300719B28 /* Debug */,
				72E35C5629C0DAA300719B28 /* Release */,
			);
			defaultConfigurationIsVisible = 0;
			defaultConfigurationName = Release;
		};
/* End XCConfigurationList section */

/* Begin XCVersionGroup section */
		728175CD2A1BCF24009F92F6 /* FeedStore.xcdatamodeld */ = {
			isa = XCVersionGroup;
			children = (
				72B307A32A94C5E000CDE1C6 /* FeedStore2.xcdatamodel */,
				728175CE2A1BCF24009F92F6 /* FeedStore.xcdatamodel */,
			);
			currentVersion = 72B307A32A94C5E000CDE1C6 /* FeedStore2.xcdatamodel */;
			path = FeedStore.xcdatamodeld;
			sourceTree = "<group>";
			versionGroupType = wrapper.xcdatamodel;
		};
/* End XCVersionGroup section */
	};
	rootObject = 72AE359F299F9B8500A028E1 /* Project object */;
}
