// !$*UTF8*$!
{
	archiveVersion = 1;
	classes = {
	};
	objectVersion = 56;
	objects = {

/* Begin PBXBuildFile section */
		725C17A42AA592FB00DBE888 /* FeedImageDataLoaderSpy.swift in Sources */ = {isa = PBXBuildFile; fileRef = 725C17A32AA592FB00DBE888 /* FeedImageDataLoaderSpy.swift */; };
		726A20292A9B03E20024C2CA /* AppDelegate.swift in Sources */ = {isa = PBXBuildFile; fileRef = 726A20282A9B03E20024C2CA /* AppDelegate.swift */; };
		726A202B2A9B03E20024C2CA /* SceneDelegate.swift in Sources */ = {isa = PBXBuildFile; fileRef = 726A202A2A9B03E20024C2CA /* SceneDelegate.swift */; };
		726A202D2A9B03E20024C2CA /* ViewController.swift in Sources */ = {isa = PBXBuildFile; fileRef = 726A202C2A9B03E20024C2CA /* ViewController.swift */; };
		726A20302A9B03E20024C2CA /* Main.storyboard in Resources */ = {isa = PBXBuildFile; fileRef = 726A202E2A9B03E20024C2CA /* Main.storyboard */; };
		726A20322A9B03E50024C2CA /* Assets.xcassets in Resources */ = {isa = PBXBuildFile; fileRef = 726A20312A9B03E50024C2CA /* Assets.xcassets */; };
		726A20352A9B03E50024C2CA /* LaunchScreen.storyboard in Resources */ = {isa = PBXBuildFile; fileRef = 726A20332A9B03E50024C2CA /* LaunchScreen.storyboard */; };
		726A205B2A9B30C90024C2CA /* EssentialFeed.framework in Frameworks */ = {isa = PBXBuildFile; fileRef = 726A20592A9B30C90024C2CA /* EssentialFeed.framework */; };
		726A205C2A9B30C90024C2CA /* EssentialFeed.framework in Embed Frameworks */ = {isa = PBXBuildFile; fileRef = 726A20592A9B30C90024C2CA /* EssentialFeed.framework */; settings = {ATTRIBUTES = (CodeSignOnCopy, RemoveHeadersOnCopy, ); }; };
		726A205D2A9B30C90024C2CA /* EssentialFeediOS.framework in Frameworks */ = {isa = PBXBuildFile; fileRef = 726A205A2A9B30C90024C2CA /* EssentialFeediOS.framework */; };
		726A205E2A9B30C90024C2CA /* EssentialFeediOS.framework in Embed Frameworks */ = {isa = PBXBuildFile; fileRef = 726A205A2A9B30C90024C2CA /* EssentialFeediOS.framework */; settings = {ATTRIBUTES = (CodeSignOnCopy, RemoveHeadersOnCopy, ); }; };
		726A20622A9C3F470024C2CA /* FeedLoaderWithFallbackCompositeTests.swift in Sources */ = {isa = PBXBuildFile; fileRef = 726A20612A9C3F470024C2CA /* FeedLoaderWithFallbackCompositeTests.swift */; };
		7287FE502AA636C4004647A2 /* FeedImageDataLoaderCacheDecorator.swift in Sources */ = {isa = PBXBuildFile; fileRef = 7287FE4F2AA636C4004647A2 /* FeedImageDataLoaderCacheDecorator.swift */; };
		7287FE522AA638F1004647A2 /* XCTestCase+FeedImageDataLoader.swift in Sources */ = {isa = PBXBuildFile; fileRef = 7287FE512AA638F1004647A2 /* XCTestCase+FeedImageDataLoader.swift */; };
		72A06D822AA9DA860053AD4C /* SceneDelegateTests.swift in Sources */ = {isa = PBXBuildFile; fileRef = 72A06D812AA9DA860053AD4C /* SceneDelegateTests.swift */; };
		72A06D8A2AA9E44C0053AD4C /* FeedImageDataLoaderPresentationAdapter.swift in Sources */ = {isa = PBXBuildFile; fileRef = 72A06D882AA9E44C0053AD4C /* FeedImageDataLoaderPresentationAdapter.swift */; };
		72A06D8B2AA9E44C0053AD4C /* WeakRefVirtualProxy.swift in Sources */ = {isa = PBXBuildFile; fileRef = 72A06D842AA9E44B0053AD4C /* WeakRefVirtualProxy.swift */; };
		72A06D8C2AA9E44C0053AD4C /* FeedUIComposer.swift in Sources */ = {isa = PBXBuildFile; fileRef = 72A06D862AA9E44B0053AD4C /* FeedUIComposer.swift */; };
		72A06D8D2AA9E44C0053AD4C /* FeedViewAdapter.swift in Sources */ = {isa = PBXBuildFile; fileRef = 72A06D852AA9E44B0053AD4C /* FeedViewAdapter.swift */; };
		72A06D8E2AA9E44C0053AD4C /* MainQueueDispatchDecorator.swift in Sources */ = {isa = PBXBuildFile; fileRef = 72A06D872AA9E44C0053AD4C /* MainQueueDispatchDecorator.swift */; };
		72A06D8F2AA9E44C0053AD4C /* FeedLoaderPresentationAdapter.swift in Sources */ = {isa = PBXBuildFile; fileRef = 72A06D892AA9E44C0053AD4C /* FeedLoaderPresentationAdapter.swift */; };
		72A06D972AA9E48D0053AD4C /* FeedImageCell+TestHelpers.swift in Sources */ = {isa = PBXBuildFile; fileRef = 72A06D932AA9E48D0053AD4C /* FeedImageCell+TestHelpers.swift */; };
		72A06D982AA9E48D0053AD4C /* FeedUIIntegrationTests+LoaderSpy.swift in Sources */ = {isa = PBXBuildFile; fileRef = 72A06D922AA9E48C0053AD4C /* FeedUIIntegrationTests+LoaderSpy.swift */; };
		72A06D992AA9E48D0053AD4C /* FeedViewController+TestHelpers.swift in Sources */ = {isa = PBXBuildFile; fileRef = 72A06D902AA9E48C0053AD4C /* FeedViewController+TestHelpers.swift */; };
		72A06D9A2AA9E48D0053AD4C /* UIButton+TestHelpers.swift in Sources */ = {isa = PBXBuildFile; fileRef = 72A06D952AA9E48D0053AD4C /* UIButton+TestHelpers.swift */; };
		72A06D9B2AA9E48D0053AD4C /* UIRefreshControl+TestHelpers.swift in Sources */ = {isa = PBXBuildFile; fileRef = 72A06D942AA9E48D0053AD4C /* UIRefreshControl+TestHelpers.swift */; };
		72A06D9C2AA9E48D0053AD4C /* UIImage+TestHelpers.swift in Sources */ = {isa = PBXBuildFile; fileRef = 72A06D912AA9E48C0053AD4C /* UIImage+TestHelpers.swift */; };
		72A06D9D2AA9E48D0053AD4C /* FeedUIIntegrationTests +Localization.swift in Sources */ = {isa = PBXBuildFile; fileRef = 72A06D962AA9E48D0053AD4C /* FeedUIIntegrationTests +Localization.swift */; };
		72A06DA12AA9EF020053AD4C /* FeedUIIntegrationTests.swift in Sources */ = {isa = PBXBuildFile; fileRef = 72A06DA02AA9EF020053AD4C /* FeedUIIntegrationTests.swift */; };
		72A06DA32AA9F00D0053AD4C /* FeedAcceptanceTests.swift in Sources */ = {isa = PBXBuildFile; fileRef = 72A06DA22AA9F00D0053AD4C /* FeedAcceptanceTests.swift */; };
		72A951CB2A9F65F500E70D16 /* FeedImageDataLoaderWithFallbackComposite.swift in Sources */ = {isa = PBXBuildFile; fileRef = 72A951CA2A9F65F500E70D16 /* FeedImageDataLoaderWithFallbackComposite.swift */; };
		72A951CE2A9F6B3700E70D16 /* XCTestCase+MemoryLeakTracking.swift in Sources */ = {isa = PBXBuildFile; fileRef = 72A951CD2A9F6B3700E70D16 /* XCTestCase+MemoryLeakTracking.swift */; };
		72A951D02A9F6C4C00E70D16 /* SharedTestHelpers.swift in Sources */ = {isa = PBXBuildFile; fileRef = 72A951CF2A9F6C4C00E70D16 /* SharedTestHelpers.swift */; };
		72A9E0CE2AA1E6940076110D /* FeedLoaderCacheDecoratorTests.swift in Sources */ = {isa = PBXBuildFile; fileRef = 72A9E0CD2AA1E6940076110D /* FeedLoaderCacheDecoratorTests.swift */; };
		72AA9F9D2A9CEAED00CA35C9 /* FeedImageDataLoaderWithFallbackCompositeTests.swift in Sources */ = {isa = PBXBuildFile; fileRef = 72AA9F9C2A9CEAED00CA35C9 /* FeedImageDataLoaderWithFallbackCompositeTests.swift */; };
		72B63F0D2A9CBC2800D290A2 /* FeedLoaderWithFallbackComposite.swift in Sources */ = {isa = PBXBuildFile; fileRef = 72B63F0C2A9CBC2800D290A2 /* FeedLoaderWithFallbackComposite.swift */; };
		72C32EBD2AA3297D0079522D /* FeedLoaderStub.swift in Sources */ = {isa = PBXBuildFile; fileRef = 72C32EBC2AA3297D0079522D /* FeedLoaderStub.swift */; };
		72C32EBF2AA350AA0079522D /* XCTestCase+FeedLoader.swift in Sources */ = {isa = PBXBuildFile; fileRef = 72C32EBE2AA350AA0079522D /* XCTestCase+FeedLoader.swift */; };
		72C32EC32AA3889F0079522D /* FeedLoaderCacheDecorator.swift in Sources */ = {isa = PBXBuildFile; fileRef = 72C32EC22AA3889F0079522D /* FeedLoaderCacheDecorator.swift */; };
		72C32EC52AA38BE00079522D /* FeedImageDataLoaderCacheDecoratorTests.swift in Sources */ = {isa = PBXBuildFile; fileRef = 72C32EC42AA38BE00079522D /* FeedImageDataLoaderCacheDecoratorTests.swift */; };
		72FE32C62AAB373C00C9D764 /* HTTPClientStub.swift in Sources */ = {isa = PBXBuildFile; fileRef = 72FE32C52AAB373C00C9D764 /* HTTPClientStub.swift */; };
		72FE32C82AAB384000C9D764 /* InMemoryFeedStore.swift in Sources */ = {isa = PBXBuildFile; fileRef = 72FE32C72AAB384000C9D764 /* InMemoryFeedStore.swift */; };
/* End PBXBuildFile section */

/* Begin PBXContainerItemProxy section */
		726A203C2A9B03E50024C2CA /* PBXContainerItemProxy */ = {
			isa = PBXContainerItemProxy;
			containerPortal = 726A201D2A9B03E20024C2CA /* Project object */;
			proxyType = 1;
			remoteGlobalIDString = 726A20242A9B03E20024C2CA;
			remoteInfo = EssentialApp;
		};
/* End PBXContainerItemProxy section */

/* Begin PBXCopyFilesBuildPhase section */
		726A205F2A9B30C90024C2CA /* Embed Frameworks */ = {
			isa = PBXCopyFilesBuildPhase;
			buildActionMask = 2147483647;
			dstPath = "";
			dstSubfolderSpec = 10;
			files = (
				726A205C2A9B30C90024C2CA /* EssentialFeed.framework in Embed Frameworks */,
				726A205E2A9B30C90024C2CA /* EssentialFeediOS.framework in Embed Frameworks */,
			);
			name = "Embed Frameworks";
			runOnlyForDeploymentPostprocessing = 0;
		};
/* End PBXCopyFilesBuildPhase section */

/* Begin PBXFileReference section */
		7226F7E32AAEC18B00408EE6 /* EssentialApp.xctestplan */ = {isa = PBXFileReference; lastKnownFileType = text; name = EssentialApp.xctestplan; path = "/Users/gakmen/EssentialDeveloper/essential-feed/EssentialApp/EssentialAppTests/EssentialApp.xctestplan"; sourceTree = "<absolute>"; };
		725C17A32AA592FB00DBE888 /* FeedImageDataLoaderSpy.swift */ = {isa = PBXFileReference; lastKnownFileType = sourcecode.swift; path = FeedImageDataLoaderSpy.swift; sourceTree = "<group>"; };
		726A20252A9B03E20024C2CA /* EssentialApp.app */ = {isa = PBXFileReference; explicitFileType = wrapper.application; includeInIndex = 0; path = EssentialApp.app; sourceTree = BUILT_PRODUCTS_DIR; };
		726A20282A9B03E20024C2CA /* AppDelegate.swift */ = {isa = PBXFileReference; lastKnownFileType = sourcecode.swift; path = AppDelegate.swift; sourceTree = "<group>"; };
		726A202A2A9B03E20024C2CA /* SceneDelegate.swift */ = {isa = PBXFileReference; lastKnownFileType = sourcecode.swift; path = SceneDelegate.swift; sourceTree = "<group>"; };
		726A202C2A9B03E20024C2CA /* ViewController.swift */ = {isa = PBXFileReference; lastKnownFileType = sourcecode.swift; path = ViewController.swift; sourceTree = "<group>"; };
		726A202F2A9B03E20024C2CA /* Base */ = {isa = PBXFileReference; lastKnownFileType = file.storyboard; name = Base; path = Base.lproj/Main.storyboard; sourceTree = "<group>"; };
		726A20312A9B03E50024C2CA /* Assets.xcassets */ = {isa = PBXFileReference; lastKnownFileType = folder.assetcatalog; path = Assets.xcassets; sourceTree = "<group>"; };
		726A20342A9B03E50024C2CA /* Base */ = {isa = PBXFileReference; lastKnownFileType = file.storyboard; name = Base; path = Base.lproj/LaunchScreen.storyboard; sourceTree = "<group>"; };
		726A20362A9B03E50024C2CA /* Info.plist */ = {isa = PBXFileReference; lastKnownFileType = text.plist.xml; path = Info.plist; sourceTree = "<group>"; };
		726A203B2A9B03E50024C2CA /* EssentialAppTests.xctest */ = {isa = PBXFileReference; explicitFileType = wrapper.cfbundle; includeInIndex = 0; path = EssentialAppTests.xctest; sourceTree = BUILT_PRODUCTS_DIR; };
		726A20592A9B30C90024C2CA /* EssentialFeed.framework */ = {isa = PBXFileReference; explicitFileType = wrapper.framework; path = EssentialFeed.framework; sourceTree = BUILT_PRODUCTS_DIR; };
		726A205A2A9B30C90024C2CA /* EssentialFeediOS.framework */ = {isa = PBXFileReference; explicitFileType = wrapper.framework; path = EssentialFeediOS.framework; sourceTree = BUILT_PRODUCTS_DIR; };
		726A20602A9C3F470024C2CA /* EssentialAppTests-Bridging-Header.h */ = {isa = PBXFileReference; lastKnownFileType = sourcecode.c.h; path = "EssentialAppTests-Bridging-Header.h"; sourceTree = "<group>"; };
		726A20612A9C3F470024C2CA /* FeedLoaderWithFallbackCompositeTests.swift */ = {isa = PBXFileReference; lastKnownFileType = sourcecode.swift; path = FeedLoaderWithFallbackCompositeTests.swift; sourceTree = "<group>"; };
		7287FE4F2AA636C4004647A2 /* FeedImageDataLoaderCacheDecorator.swift */ = {isa = PBXFileReference; lastKnownFileType = sourcecode.swift; path = FeedImageDataLoaderCacheDecorator.swift; sourceTree = "<group>"; };
		7287FE512AA638F1004647A2 /* XCTestCase+FeedImageDataLoader.swift */ = {isa = PBXFileReference; lastKnownFileType = sourcecode.swift; path = "XCTestCase+FeedImageDataLoader.swift"; sourceTree = "<group>"; };
		72A06D812AA9DA860053AD4C /* SceneDelegateTests.swift */ = {isa = PBXFileReference; lastKnownFileType = sourcecode.swift; path = SceneDelegateTests.swift; sourceTree = "<group>"; };
		72A06D842AA9E44B0053AD4C /* WeakRefVirtualProxy.swift */ = {isa = PBXFileReference; lastKnownFileType = sourcecode.swift; path = WeakRefVirtualProxy.swift; sourceTree = "<group>"; };
		72A06D852AA9E44B0053AD4C /* FeedViewAdapter.swift */ = {isa = PBXFileReference; lastKnownFileType = sourcecode.swift; path = FeedViewAdapter.swift; sourceTree = "<group>"; };
		72A06D862AA9E44B0053AD4C /* FeedUIComposer.swift */ = {isa = PBXFileReference; lastKnownFileType = sourcecode.swift; path = FeedUIComposer.swift; sourceTree = "<group>"; };
		72A06D872AA9E44C0053AD4C /* MainQueueDispatchDecorator.swift */ = {isa = PBXFileReference; lastKnownFileType = sourcecode.swift; path = MainQueueDispatchDecorator.swift; sourceTree = "<group>"; };
		72A06D882AA9E44C0053AD4C /* FeedImageDataLoaderPresentationAdapter.swift */ = {isa = PBXFileReference; lastKnownFileType = sourcecode.swift; path = FeedImageDataLoaderPresentationAdapter.swift; sourceTree = "<group>"; };
		72A06D892AA9E44C0053AD4C /* FeedLoaderPresentationAdapter.swift */ = {isa = PBXFileReference; lastKnownFileType = sourcecode.swift; path = FeedLoaderPresentationAdapter.swift; sourceTree = "<group>"; };
		72A06D902AA9E48C0053AD4C /* FeedViewController+TestHelpers.swift */ = {isa = PBXFileReference; lastKnownFileType = sourcecode.swift; path = "FeedViewController+TestHelpers.swift"; sourceTree = "<group>"; };
		72A06D912AA9E48C0053AD4C /* UIImage+TestHelpers.swift */ = {isa = PBXFileReference; lastKnownFileType = sourcecode.swift; path = "UIImage+TestHelpers.swift"; sourceTree = "<group>"; };
		72A06D922AA9E48C0053AD4C /* FeedUIIntegrationTests+LoaderSpy.swift */ = {isa = PBXFileReference; lastKnownFileType = sourcecode.swift; path = "FeedUIIntegrationTests+LoaderSpy.swift"; sourceTree = "<group>"; };
		72A06D932AA9E48D0053AD4C /* FeedImageCell+TestHelpers.swift */ = {isa = PBXFileReference; lastKnownFileType = sourcecode.swift; path = "FeedImageCell+TestHelpers.swift"; sourceTree = "<group>"; };
		72A06D942AA9E48D0053AD4C /* UIRefreshControl+TestHelpers.swift */ = {isa = PBXFileReference; lastKnownFileType = sourcecode.swift; path = "UIRefreshControl+TestHelpers.swift"; sourceTree = "<group>"; };
		72A06D952AA9E48D0053AD4C /* UIButton+TestHelpers.swift */ = {isa = PBXFileReference; lastKnownFileType = sourcecode.swift; path = "UIButton+TestHelpers.swift"; sourceTree = "<group>"; };
		72A06D962AA9E48D0053AD4C /* FeedUIIntegrationTests +Localization.swift */ = {isa = PBXFileReference; lastKnownFileType = sourcecode.swift; path = "FeedUIIntegrationTests +Localization.swift"; sourceTree = "<group>"; };
		72A06DA02AA9EF020053AD4C /* FeedUIIntegrationTests.swift */ = {isa = PBXFileReference; lastKnownFileType = sourcecode.swift; path = FeedUIIntegrationTests.swift; sourceTree = "<group>"; };
		72A06DA22AA9F00D0053AD4C /* FeedAcceptanceTests.swift */ = {isa = PBXFileReference; lastKnownFileType = sourcecode.swift; path = FeedAcceptanceTests.swift; sourceTree = "<group>"; };
		72A951CA2A9F65F500E70D16 /* FeedImageDataLoaderWithFallbackComposite.swift */ = {isa = PBXFileReference; lastKnownFileType = sourcecode.swift; path = FeedImageDataLoaderWithFallbackComposite.swift; sourceTree = "<group>"; };
		72A951CD2A9F6B3700E70D16 /* XCTestCase+MemoryLeakTracking.swift */ = {isa = PBXFileReference; lastKnownFileType = sourcecode.swift; path = "XCTestCase+MemoryLeakTracking.swift"; sourceTree = "<group>"; };
		72A951CF2A9F6C4C00E70D16 /* SharedTestHelpers.swift */ = {isa = PBXFileReference; lastKnownFileType = sourcecode.swift; path = SharedTestHelpers.swift; sourceTree = "<group>"; };
		72A9E0CD2AA1E6940076110D /* FeedLoaderCacheDecoratorTests.swift */ = {isa = PBXFileReference; lastKnownFileType = sourcecode.swift; path = FeedLoaderCacheDecoratorTests.swift; sourceTree = "<group>"; };
		72AA9F9C2A9CEAED00CA35C9 /* FeedImageDataLoaderWithFallbackCompositeTests.swift */ = {isa = PBXFileReference; lastKnownFileType = sourcecode.swift; path = FeedImageDataLoaderWithFallbackCompositeTests.swift; sourceTree = "<group>"; };
		72B63F0C2A9CBC2800D290A2 /* FeedLoaderWithFallbackComposite.swift */ = {isa = PBXFileReference; lastKnownFileType = sourcecode.swift; path = FeedLoaderWithFallbackComposite.swift; sourceTree = "<group>"; };
		72C32EBC2AA3297D0079522D /* FeedLoaderStub.swift */ = {isa = PBXFileReference; lastKnownFileType = sourcecode.swift; path = FeedLoaderStub.swift; sourceTree = "<group>"; };
		72C32EBE2AA350AA0079522D /* XCTestCase+FeedLoader.swift */ = {isa = PBXFileReference; lastKnownFileType = sourcecode.swift; path = "XCTestCase+FeedLoader.swift"; sourceTree = "<group>"; };
		72C32EC22AA3889F0079522D /* FeedLoaderCacheDecorator.swift */ = {isa = PBXFileReference; lastKnownFileType = sourcecode.swift; path = FeedLoaderCacheDecorator.swift; sourceTree = "<group>"; };
		72C32EC42AA38BE00079522D /* FeedImageDataLoaderCacheDecoratorTests.swift */ = {isa = PBXFileReference; lastKnownFileType = sourcecode.swift; path = FeedImageDataLoaderCacheDecoratorTests.swift; sourceTree = "<group>"; };
		72FE32C52AAB373C00C9D764 /* HTTPClientStub.swift */ = {isa = PBXFileReference; lastKnownFileType = sourcecode.swift; path = HTTPClientStub.swift; sourceTree = "<group>"; };
		72FE32C72AAB384000C9D764 /* InMemoryFeedStore.swift */ = {isa = PBXFileReference; lastKnownFileType = sourcecode.swift; path = InMemoryFeedStore.swift; sourceTree = "<group>"; };
/* End PBXFileReference section */

/* Begin PBXFrameworksBuildPhase section */
		726A20222A9B03E20024C2CA /* Frameworks */ = {
			isa = PBXFrameworksBuildPhase;
			buildActionMask = 2147483647;
			files = (
				726A205B2A9B30C90024C2CA /* EssentialFeed.framework in Frameworks */,
				726A205D2A9B30C90024C2CA /* EssentialFeediOS.framework in Frameworks */,
			);
			runOnlyForDeploymentPostprocessing = 0;
		};
		726A20382A9B03E50024C2CA /* Frameworks */ = {
			isa = PBXFrameworksBuildPhase;
			buildActionMask = 2147483647;
			files = (
			);
			runOnlyForDeploymentPostprocessing = 0;
		};
/* End PBXFrameworksBuildPhase section */

/* Begin PBXGroup section */
		726A201C2A9B03E20024C2CA = {
			isa = PBXGroup;
			children = (
				726A20272A9B03E20024C2CA /* EssentialApp */,
				726A203E2A9B03E50024C2CA /* EssentialAppTests */,
				726A20262A9B03E20024C2CA /* Products */,
				726A20582A9B30C90024C2CA /* Frameworks */,
			);
			sourceTree = "<group>";
		};
		726A20262A9B03E20024C2CA /* Products */ = {
			isa = PBXGroup;
			children = (
				726A20252A9B03E20024C2CA /* EssentialApp.app */,
				726A203B2A9B03E50024C2CA /* EssentialAppTests.xctest */,
			);
			name = Products;
			sourceTree = "<group>";
		};
		726A20272A9B03E20024C2CA /* EssentialApp */ = {
			isa = PBXGroup;
			children = (
				726A20282A9B03E20024C2CA /* AppDelegate.swift */,
				726A202A2A9B03E20024C2CA /* SceneDelegate.swift */,
				72A06D862AA9E44B0053AD4C /* FeedUIComposer.swift */,
				72A06D872AA9E44C0053AD4C /* MainQueueDispatchDecorator.swift */,
				72A06D842AA9E44B0053AD4C /* WeakRefVirtualProxy.swift */,
				72A06D852AA9E44B0053AD4C /* FeedViewAdapter.swift */,
				72A06D882AA9E44C0053AD4C /* FeedImageDataLoaderPresentationAdapter.swift */,
				72A06D892AA9E44C0053AD4C /* FeedLoaderPresentationAdapter.swift */,
				726A202C2A9B03E20024C2CA /* ViewController.swift */,
				726A202E2A9B03E20024C2CA /* Main.storyboard */,
				726A20312A9B03E50024C2CA /* Assets.xcassets */,
				726A20332A9B03E50024C2CA /* LaunchScreen.storyboard */,
				726A20362A9B03E50024C2CA /* Info.plist */,
				72B63F0C2A9CBC2800D290A2 /* FeedLoaderWithFallbackComposite.swift */,
				72A951CA2A9F65F500E70D16 /* FeedImageDataLoaderWithFallbackComposite.swift */,
				72C32EC22AA3889F0079522D /* FeedLoaderCacheDecorator.swift */,
				7287FE4F2AA636C4004647A2 /* FeedImageDataLoaderCacheDecorator.swift */,
			);
			path = EssentialApp;
			sourceTree = "<group>";
		};
		726A203E2A9B03E50024C2CA /* EssentialAppTests */ = {
			isa = PBXGroup;
			children = (
				7226F7E32AAEC18B00408EE6 /* EssentialApp.xctestplan */,
				72A951CC2A9F6AF000E70D16 /* Helpers */,
				726A20612A9C3F470024C2CA /* FeedLoaderWithFallbackCompositeTests.swift */,
				72A06DA02AA9EF020053AD4C /* FeedUIIntegrationTests.swift */,
				72A9E0CD2AA1E6940076110D /* FeedLoaderCacheDecoratorTests.swift */,
				72AA9F9C2A9CEAED00CA35C9 /* FeedImageDataLoaderWithFallbackCompositeTests.swift */,
				726A20602A9C3F470024C2CA /* EssentialAppTests-Bridging-Header.h */,
				72C32EC42AA38BE00079522D /* FeedImageDataLoaderCacheDecoratorTests.swift */,
				72A06D812AA9DA860053AD4C /* SceneDelegateTests.swift */,
				72A06DA22AA9F00D0053AD4C /* FeedAcceptanceTests.swift */,
			);
			path = EssentialAppTests;
			sourceTree = "<group>";
		};
		726A20582A9B30C90024C2CA /* Frameworks */ = {
			isa = PBXGroup;
			children = (
				726A20592A9B30C90024C2CA /* EssentialFeed.framework */,
				726A205A2A9B30C90024C2CA /* EssentialFeediOS.framework */,
			);
			name = Frameworks;
			sourceTree = "<group>";
		};
		72A951CC2A9F6AF000E70D16 /* Helpers */ = {
			isa = PBXGroup;
			children = (
				72A06D962AA9E48D0053AD4C /* FeedUIIntegrationTests +Localization.swift */,
				72A06D902AA9E48C0053AD4C /* FeedViewController+TestHelpers.swift */,
				72A06D942AA9E48D0053AD4C /* UIRefreshControl+TestHelpers.swift */,
				72A06D952AA9E48D0053AD4C /* UIButton+TestHelpers.swift */,
				72A06D912AA9E48C0053AD4C /* UIImage+TestHelpers.swift */,
				72A06D932AA9E48D0053AD4C /* FeedImageCell+TestHelpers.swift */,
				72A06D922AA9E48C0053AD4C /* FeedUIIntegrationTests+LoaderSpy.swift */,
				72A951CD2A9F6B3700E70D16 /* XCTestCase+MemoryLeakTracking.swift */,
				72A951CF2A9F6C4C00E70D16 /* SharedTestHelpers.swift */,
				72C32EBC2AA3297D0079522D /* FeedLoaderStub.swift */,
				72C32EBE2AA350AA0079522D /* XCTestCase+FeedLoader.swift */,
				725C17A32AA592FB00DBE888 /* FeedImageDataLoaderSpy.swift */,
				7287FE512AA638F1004647A2 /* XCTestCase+FeedImageDataLoader.swift */,
				72FE32C52AAB373C00C9D764 /* HTTPClientStub.swift */,
				72FE32C72AAB384000C9D764 /* InMemoryFeedStore.swift */,
			);
			path = Helpers;
			sourceTree = "<group>";
		};
/* End PBXGroup section */

/* Begin PBXNativeTarget section */
		726A20242A9B03E20024C2CA /* EssentialApp */ = {
			isa = PBXNativeTarget;
			buildConfigurationList = 726A204F2A9B03E50024C2CA /* Build configuration list for PBXNativeTarget "EssentialApp" */;
			buildPhases = (
				726A20212A9B03E20024C2CA /* Sources */,
				726A20222A9B03E20024C2CA /* Frameworks */,
				726A20232A9B03E20024C2CA /* Resources */,
				726A205F2A9B30C90024C2CA /* Embed Frameworks */,
			);
			buildRules = (
			);
			dependencies = (
			);
			name = EssentialApp;
			productName = EssentialApp;
			productReference = 726A20252A9B03E20024C2CA /* EssentialApp.app */;
			productType = "com.apple.product-type.application";
		};
		726A203A2A9B03E50024C2CA /* EssentialAppTests */ = {
			isa = PBXNativeTarget;
			buildConfigurationList = 726A20522A9B03E50024C2CA /* Build configuration list for PBXNativeTarget "EssentialAppTests" */;
			buildPhases = (
				726A20372A9B03E50024C2CA /* Sources */,
				726A20382A9B03E50024C2CA /* Frameworks */,
				726A20392A9B03E50024C2CA /* Resources */,
			);
			buildRules = (
			);
			dependencies = (
				726A203D2A9B03E50024C2CA /* PBXTargetDependency */,
			);
			name = EssentialAppTests;
			productName = EssentialAppTests;
			productReference = 726A203B2A9B03E50024C2CA /* EssentialAppTests.xctest */;
			productType = "com.apple.product-type.bundle.unit-test";
		};
/* End PBXNativeTarget section */

/* Begin PBXProject section */
		726A201D2A9B03E20024C2CA /* Project object */ = {
			isa = PBXProject;
			attributes = {
				BuildIndependentTargetsInParallel = 1;
				LastSwiftUpdateCheck = 1430;
				LastUpgradeCheck = 1430;
				TargetAttributes = {
					726A20242A9B03E20024C2CA = {
						CreatedOnToolsVersion = 14.3.1;
					};
					726A203A2A9B03E50024C2CA = {
						CreatedOnToolsVersion = 14.3.1;
						LastSwiftMigration = 1430;
						TestTargetID = 726A20242A9B03E20024C2CA;
					};
				};
			};
			buildConfigurationList = 726A20202A9B03E20024C2CA /* Build configuration list for PBXProject "EssentialApp" */;
			compatibilityVersion = "Xcode 14.0";
			developmentRegion = en;
			hasScannedForEncodings = 0;
			knownRegions = (
				en,
				Base,
			);
			mainGroup = 726A201C2A9B03E20024C2CA;
			productRefGroup = 726A20262A9B03E20024C2CA /* Products */;
			projectDirPath = "";
			projectRoot = "";
			targets = (
				726A20242A9B03E20024C2CA /* EssentialApp */,
				726A203A2A9B03E50024C2CA /* EssentialAppTests */,
			);
		};
/* End PBXProject section */

/* Begin PBXResourcesBuildPhase section */
		726A20232A9B03E20024C2CA /* Resources */ = {
			isa = PBXResourcesBuildPhase;
			buildActionMask = 2147483647;
			files = (
				726A20352A9B03E50024C2CA /* LaunchScreen.storyboard in Resources */,
				726A20322A9B03E50024C2CA /* Assets.xcassets in Resources */,
				726A20302A9B03E20024C2CA /* Main.storyboard in Resources */,
			);
			runOnlyForDeploymentPostprocessing = 0;
		};
		726A20392A9B03E50024C2CA /* Resources */ = {
			isa = PBXResourcesBuildPhase;
			buildActionMask = 2147483647;
			files = (
			);
			runOnlyForDeploymentPostprocessing = 0;
		};
/* End PBXResourcesBuildPhase section */

/* Begin PBXSourcesBuildPhase section */
		726A20212A9B03E20024C2CA /* Sources */ = {
			isa = PBXSourcesBuildPhase;
			buildActionMask = 2147483647;
			files = (
				726A202D2A9B03E20024C2CA /* ViewController.swift in Sources */,
				726A20292A9B03E20024C2CA /* AppDelegate.swift in Sources */,
				72A06D8B2AA9E44C0053AD4C /* WeakRefVirtualProxy.swift in Sources */,
				72B63F0D2A9CBC2800D290A2 /* FeedLoaderWithFallbackComposite.swift in Sources */,
				72A06D8D2AA9E44C0053AD4C /* FeedViewAdapter.swift in Sources */,
				72A06D8E2AA9E44C0053AD4C /* MainQueueDispatchDecorator.swift in Sources */,
				72C32EC32AA3889F0079522D /* FeedLoaderCacheDecorator.swift in Sources */,
				726A202B2A9B03E20024C2CA /* SceneDelegate.swift in Sources */,
				72A06D8A2AA9E44C0053AD4C /* FeedImageDataLoaderPresentationAdapter.swift in Sources */,
				72A06D8C2AA9E44C0053AD4C /* FeedUIComposer.swift in Sources */,
				72A951CB2A9F65F500E70D16 /* FeedImageDataLoaderWithFallbackComposite.swift in Sources */,
				72A06D8F2AA9E44C0053AD4C /* FeedLoaderPresentationAdapter.swift in Sources */,
				7287FE502AA636C4004647A2 /* FeedImageDataLoaderCacheDecorator.swift in Sources */,
			);
			runOnlyForDeploymentPostprocessing = 0;
		};
		726A20372A9B03E50024C2CA /* Sources */ = {
			isa = PBXSourcesBuildPhase;
			buildActionMask = 2147483647;
			files = (
				72A951D02A9F6C4C00E70D16 /* SharedTestHelpers.swift in Sources */,
				72C32EC52AA38BE00079522D /* FeedImageDataLoaderCacheDecoratorTests.swift in Sources */,
				72A06DA32AA9F00D0053AD4C /* FeedAcceptanceTests.swift in Sources */,
				72A06D9D2AA9E48D0053AD4C /* FeedUIIntegrationTests +Localization.swift in Sources */,
				72C32EBF2AA350AA0079522D /* XCTestCase+FeedLoader.swift in Sources */,
				72A06DA12AA9EF020053AD4C /* FeedUIIntegrationTests.swift in Sources */,
				72FE32C62AAB373C00C9D764 /* HTTPClientStub.swift in Sources */,
				7287FE522AA638F1004647A2 /* XCTestCase+FeedImageDataLoader.swift in Sources */,
				72A06D992AA9E48D0053AD4C /* FeedViewController+TestHelpers.swift in Sources */,
				72A06D822AA9DA860053AD4C /* SceneDelegateTests.swift in Sources */,
				72A9E0CE2AA1E6940076110D /* FeedLoaderCacheDecoratorTests.swift in Sources */,
				72FE32C82AAB384000C9D764 /* InMemoryFeedStore.swift in Sources */,
				725C17A42AA592FB00DBE888 /* FeedImageDataLoaderSpy.swift in Sources */,
				72A06D972AA9E48D0053AD4C /* FeedImageCell+TestHelpers.swift in Sources */,
				72A06D9C2AA9E48D0053AD4C /* UIImage+TestHelpers.swift in Sources */,
				72AA9F9D2A9CEAED00CA35C9 /* FeedImageDataLoaderWithFallbackCompositeTests.swift in Sources */,
				726A20622A9C3F470024C2CA /* FeedLoaderWithFallbackCompositeTests.swift in Sources */,
				72A06D9A2AA9E48D0053AD4C /* UIButton+TestHelpers.swift in Sources */,
				72A06D982AA9E48D0053AD4C /* FeedUIIntegrationTests+LoaderSpy.swift in Sources */,
				72A06D9B2AA9E48D0053AD4C /* UIRefreshControl+TestHelpers.swift in Sources */,
				72C32EBD2AA3297D0079522D /* FeedLoaderStub.swift in Sources */,
				72A951CE2A9F6B3700E70D16 /* XCTestCase+MemoryLeakTracking.swift in Sources */,
			);
			runOnlyForDeploymentPostprocessing = 0;
		};
/* End PBXSourcesBuildPhase section */

/* Begin PBXTargetDependency section */
		726A203D2A9B03E50024C2CA /* PBXTargetDependency */ = {
			isa = PBXTargetDependency;
			target = 726A20242A9B03E20024C2CA /* EssentialApp */;
			targetProxy = 726A203C2A9B03E50024C2CA /* PBXContainerItemProxy */;
		};
/* End PBXTargetDependency section */

/* Begin PBXVariantGroup section */
		726A202E2A9B03E20024C2CA /* Main.storyboard */ = {
			isa = PBXVariantGroup;
			children = (
				726A202F2A9B03E20024C2CA /* Base */,
			);
			name = Main.storyboard;
			sourceTree = "<group>";
		};
		726A20332A9B03E50024C2CA /* LaunchScreen.storyboard */ = {
			isa = PBXVariantGroup;
			children = (
				726A20342A9B03E50024C2CA /* Base */,
			);
			name = LaunchScreen.storyboard;
			sourceTree = "<group>";
		};
/* End PBXVariantGroup section */

/* Begin XCBuildConfiguration section */
		726A204D2A9B03E50024C2CA /* Debug */ = {
			isa = XCBuildConfiguration;
			buildSettings = {
				ALWAYS_SEARCH_USER_PATHS = NO;
				CLANG_ANALYZER_NONNULL = YES;
				CLANG_ANALYZER_NUMBER_OBJECT_CONVERSION = YES_AGGRESSIVE;
				CLANG_CXX_LANGUAGE_STANDARD = "gnu++20";
				CLANG_ENABLE_MODULES = YES;
				CLANG_ENABLE_OBJC_ARC = YES;
				CLANG_ENABLE_OBJC_WEAK = YES;
				CLANG_WARN_BLOCK_CAPTURE_AUTORELEASING = YES;
				CLANG_WARN_BOOL_CONVERSION = YES;
				CLANG_WARN_COMMA = YES;
				CLANG_WARN_CONSTANT_CONVERSION = YES;
				CLANG_WARN_DEPRECATED_OBJC_IMPLEMENTATIONS = YES;
				CLANG_WARN_DIRECT_OBJC_ISA_USAGE = YES_ERROR;
				CLANG_WARN_DOCUMENTATION_COMMENTS = YES;
				CLANG_WARN_EMPTY_BODY = YES;
				CLANG_WARN_ENUM_CONVERSION = YES;
				CLANG_WARN_INFINITE_RECURSION = YES;
				CLANG_WARN_INT_CONVERSION = YES;
				CLANG_WARN_NON_LITERAL_NULL_CONVERSION = YES;
				CLANG_WARN_OBJC_IMPLICIT_RETAIN_SELF = YES;
				CLANG_WARN_OBJC_LITERAL_CONVERSION = YES;
				CLANG_WARN_OBJC_ROOT_CLASS = YES_ERROR;
				CLANG_WARN_QUOTED_INCLUDE_IN_FRAMEWORK_HEADER = YES;
				CLANG_WARN_RANGE_LOOP_ANALYSIS = YES;
				CLANG_WARN_STRICT_PROTOTYPES = YES;
				CLANG_WARN_SUSPICIOUS_MOVE = YES;
				CLANG_WARN_UNGUARDED_AVAILABILITY = YES_AGGRESSIVE;
				CLANG_WARN_UNREACHABLE_CODE = YES;
				CLANG_WARN__DUPLICATE_METHOD_MATCH = YES;
				COPY_PHASE_STRIP = NO;
				DEBUG_INFORMATION_FORMAT = dwarf;
				ENABLE_STRICT_OBJC_MSGSEND = YES;
				ENABLE_TESTABILITY = YES;
				GCC_C_LANGUAGE_STANDARD = gnu11;
				GCC_DYNAMIC_NO_PIC = NO;
				GCC_NO_COMMON_BLOCKS = YES;
				GCC_OPTIMIZATION_LEVEL = 0;
				GCC_PREPROCESSOR_DEFINITIONS = (
					"DEBUG=1",
					"$(inherited)",
				);
				GCC_WARN_64_TO_32_BIT_CONVERSION = YES;
				GCC_WARN_ABOUT_RETURN_TYPE = YES_ERROR;
				GCC_WARN_UNDECLARED_SELECTOR = YES;
				GCC_WARN_UNINITIALIZED_AUTOS = YES_AGGRESSIVE;
				GCC_WARN_UNUSED_FUNCTION = YES;
				GCC_WARN_UNUSED_VARIABLE = YES;
				IPHONEOS_DEPLOYMENT_TARGET = 13.0;
				MTL_ENABLE_DEBUG_INFO = INCLUDE_SOURCE;
				MTL_FAST_MATH = YES;
				ONLY_ACTIVE_ARCH = YES;
				SDKROOT = iphoneos;
				SWIFT_ACTIVE_COMPILATION_CONDITIONS = DEBUG;
				SWIFT_OPTIMIZATION_LEVEL = "-Onone";
			};
			name = Debug;
		};
		726A204E2A9B03E50024C2CA /* Release */ = {
			isa = XCBuildConfiguration;
			buildSettings = {
				ALWAYS_SEARCH_USER_PATHS = NO;
				CLANG_ANALYZER_NONNULL = YES;
				CLANG_ANALYZER_NUMBER_OBJECT_CONVERSION = YES_AGGRESSIVE;
				CLANG_CXX_LANGUAGE_STANDARD = "gnu++20";
				CLANG_ENABLE_MODULES = YES;
				CLANG_ENABLE_OBJC_ARC = YES;
				CLANG_ENABLE_OBJC_WEAK = YES;
				CLANG_WARN_BLOCK_CAPTURE_AUTORELEASING = YES;
				CLANG_WARN_BOOL_CONVERSION = YES;
				CLANG_WARN_COMMA = YES;
				CLANG_WARN_CONSTANT_CONVERSION = YES;
				CLANG_WARN_DEPRECATED_OBJC_IMPLEMENTATIONS = YES;
				CLANG_WARN_DIRECT_OBJC_ISA_USAGE = YES_ERROR;
				CLANG_WARN_DOCUMENTATION_COMMENTS = YES;
				CLANG_WARN_EMPTY_BODY = YES;
				CLANG_WARN_ENUM_CONVERSION = YES;
				CLANG_WARN_INFINITE_RECURSION = YES;
				CLANG_WARN_INT_CONVERSION = YES;
				CLANG_WARN_NON_LITERAL_NULL_CONVERSION = YES;
				CLANG_WARN_OBJC_IMPLICIT_RETAIN_SELF = YES;
				CLANG_WARN_OBJC_LITERAL_CONVERSION = YES;
				CLANG_WARN_OBJC_ROOT_CLASS = YES_ERROR;
				CLANG_WARN_QUOTED_INCLUDE_IN_FRAMEWORK_HEADER = YES;
				CLANG_WARN_RANGE_LOOP_ANALYSIS = YES;
				CLANG_WARN_STRICT_PROTOTYPES = YES;
				CLANG_WARN_SUSPICIOUS_MOVE = YES;
				CLANG_WARN_UNGUARDED_AVAILABILITY = YES_AGGRESSIVE;
				CLANG_WARN_UNREACHABLE_CODE = YES;
				CLANG_WARN__DUPLICATE_METHOD_MATCH = YES;
				COPY_PHASE_STRIP = NO;
				DEBUG_INFORMATION_FORMAT = "dwarf-with-dsym";
				ENABLE_NS_ASSERTIONS = NO;
				ENABLE_STRICT_OBJC_MSGSEND = YES;
				GCC_C_LANGUAGE_STANDARD = gnu11;
				GCC_NO_COMMON_BLOCKS = YES;
				GCC_WARN_64_TO_32_BIT_CONVERSION = YES;
				GCC_WARN_ABOUT_RETURN_TYPE = YES_ERROR;
				GCC_WARN_UNDECLARED_SELECTOR = YES;
				GCC_WARN_UNINITIALIZED_AUTOS = YES_AGGRESSIVE;
				GCC_WARN_UNUSED_FUNCTION = YES;
				GCC_WARN_UNUSED_VARIABLE = YES;
				IPHONEOS_DEPLOYMENT_TARGET = 13.0;
				MTL_ENABLE_DEBUG_INFO = NO;
				MTL_FAST_MATH = YES;
				SDKROOT = iphoneos;
				SWIFT_COMPILATION_MODE = wholemodule;
				SWIFT_OPTIMIZATION_LEVEL = "-O";
				VALIDATE_PRODUCT = YES;
			};
			name = Release;
		};
		726A20502A9B03E50024C2CA /* Debug */ = {
			isa = XCBuildConfiguration;
			buildSettings = {
				ASSETCATALOG_COMPILER_APPICON_NAME = AppIcon;
				ASSETCATALOG_COMPILER_GLOBAL_ACCENT_COLOR_NAME = AccentColor;
				CODE_SIGN_STYLE = Automatic;
				CURRENT_PROJECT_VERSION = 1;
				DEVELOPMENT_TEAM = 4M8K7D2NVG;
				GENERATE_INFOPLIST_FILE = YES;
				INFOPLIST_FILE = EssentialApp/Info.plist;
				INFOPLIST_KEY_UIApplicationSupportsIndirectInputEvents = YES;
				INFOPLIST_KEY_UILaunchStoryboardName = LaunchScreen;
				INFOPLIST_KEY_UIMainStoryboardFile = Main;
				INFOPLIST_KEY_UISupportedInterfaceOrientations = UIInterfaceOrientationPortrait;
				INFOPLIST_KEY_UISupportedInterfaceOrientations_iPad = "UIInterfaceOrientationPortrait UIInterfaceOrientationPortraitUpsideDown";
				IPHONEOS_DEPLOYMENT_TARGET = 16.4;
				LD_RUNPATH_SEARCH_PATHS = (
					"$(inherited)",
					"@executable_path/Frameworks",
				);
				MARKETING_VERSION = 1.0;
				PRODUCT_BUNDLE_IDENTIFIER = ru.gakmen.EssentialApp;
				PRODUCT_NAME = "$(TARGET_NAME)";
				SWIFT_EMIT_LOC_STRINGS = YES;
				SWIFT_VERSION = 5.0;
				TARGETED_DEVICE_FAMILY = "1,2";
			};
			name = Debug;
		};
		726A20512A9B03E50024C2CA /* Release */ = {
			isa = XCBuildConfiguration;
			buildSettings = {
				ASSETCATALOG_COMPILER_APPICON_NAME = AppIcon;
				ASSETCATALOG_COMPILER_GLOBAL_ACCENT_COLOR_NAME = AccentColor;
				CODE_SIGN_STYLE = Automatic;
				CURRENT_PROJECT_VERSION = 1;
				DEVELOPMENT_TEAM = 4M8K7D2NVG;
				GENERATE_INFOPLIST_FILE = YES;
				INFOPLIST_FILE = EssentialApp/Info.plist;
				INFOPLIST_KEY_UIApplicationSupportsIndirectInputEvents = YES;
				INFOPLIST_KEY_UILaunchStoryboardName = LaunchScreen;
				INFOPLIST_KEY_UIMainStoryboardFile = Main;
				INFOPLIST_KEY_UISupportedInterfaceOrientations = UIInterfaceOrientationPortrait;
				INFOPLIST_KEY_UISupportedInterfaceOrientations_iPad = "UIInterfaceOrientationPortrait UIInterfaceOrientationPortraitUpsideDown";
				IPHONEOS_DEPLOYMENT_TARGET = 16.4;
				LD_RUNPATH_SEARCH_PATHS = (
					"$(inherited)",
					"@executable_path/Frameworks",
				);
				MARKETING_VERSION = 1.0;
				PRODUCT_BUNDLE_IDENTIFIER = ru.gakmen.EssentialApp;
				PRODUCT_NAME = "$(TARGET_NAME)";
				SWIFT_EMIT_LOC_STRINGS = YES;
				SWIFT_VERSION = 5.0;
				TARGETED_DEVICE_FAMILY = "1,2";
			};
			name = Release;
		};
		726A20532A9B03E50024C2CA /* Debug */ = {
			isa = XCBuildConfiguration;
			buildSettings = {
				ALWAYS_EMBED_SWIFT_STANDARD_LIBRARIES = YES;
				BUNDLE_LOADER = "$(TEST_HOST)";
				CLANG_ENABLE_MODULES = YES;
				CODE_SIGN_STYLE = Automatic;
				CURRENT_PROJECT_VERSION = 1;
				DEVELOPMENT_TEAM = 4M8K7D2NVG;
				GENERATE_INFOPLIST_FILE = YES;
				IPHONEOS_DEPLOYMENT_TARGET = 16.4;
				MARKETING_VERSION = 1.0;
				PRODUCT_BUNDLE_IDENTIFIER = ru.gakmen.EssentialAppTests;
				PRODUCT_NAME = "$(TARGET_NAME)";
				SWIFT_EMIT_LOC_STRINGS = NO;
				SWIFT_OBJC_BRIDGING_HEADER = "EssentialAppTests/EssentialAppTests-Bridging-Header.h";
				SWIFT_OPTIMIZATION_LEVEL = "-Onone";
				SWIFT_VERSION = 5.0;
				TARGETED_DEVICE_FAMILY = "1,2";
				TEST_HOST = "$(BUILT_PRODUCTS_DIR)/EssentialApp.app/$(BUNDLE_EXECUTABLE_FOLDER_PATH)/EssentialApp";
			};
			name = Debug;
		};
		726A20542A9B03E50024C2CA /* Release */ = {
			isa = XCBuildConfiguration;
			buildSettings = {
				ALWAYS_EMBED_SWIFT_STANDARD_LIBRARIES = YES;
				BUNDLE_LOADER = "$(TEST_HOST)";
				CLANG_ENABLE_MODULES = YES;
				CODE_SIGN_STYLE = Automatic;
				CURRENT_PROJECT_VERSION = 1;
				DEVELOPMENT_TEAM = 4M8K7D2NVG;
				GENERATE_INFOPLIST_FILE = YES;
				IPHONEOS_DEPLOYMENT_TARGET = 16.4;
				MARKETING_VERSION = 1.0;
				PRODUCT_BUNDLE_IDENTIFIER = ru.gakmen.EssentialAppTests;
				PRODUCT_NAME = "$(TARGET_NAME)";
				SWIFT_EMIT_LOC_STRINGS = NO;
				SWIFT_OBJC_BRIDGING_HEADER = "EssentialAppTests/EssentialAppTests-Bridging-Header.h";
				SWIFT_VERSION = 5.0;
				TARGETED_DEVICE_FAMILY = "1,2";
				TEST_HOST = "$(BUILT_PRODUCTS_DIR)/EssentialApp.app/$(BUNDLE_EXECUTABLE_FOLDER_PATH)/EssentialApp";
			};
			name = Release;
		};
/* End XCBuildConfiguration section */

/* Begin XCConfigurationList section */
		726A20202A9B03E20024C2CA /* Build configuration list for PBXProject "EssentialApp" */ = {
			isa = XCConfigurationList;
			buildConfigurations = (
				726A204D2A9B03E50024C2CA /* Debug */,
				726A204E2A9B03E50024C2CA /* Release */,
			);
			defaultConfigurationIsVisible = 0;
			defaultConfigurationName = Release;
		};
		726A204F2A9B03E50024C2CA /* Build configuration list for PBXNativeTarget "EssentialApp" */ = {
			isa = XCConfigurationList;
			buildConfigurations = (
				726A20502A9B03E50024C2CA /* Debug */,
				726A20512A9B03E50024C2CA /* Release */,
			);
			defaultConfigurationIsVisible = 0;
			defaultConfigurationName = Release;
		};
		726A20522A9B03E50024C2CA /* Build configuration list for PBXNativeTarget "EssentialAppTests" */ = {
			isa = XCConfigurationList;
			buildConfigurations = (
				726A20532A9B03E50024C2CA /* Debug */,
				726A20542A9B03E50024C2CA /* Release */,
			);
			defaultConfigurationIsVisible = 0;
			defaultConfigurationName = Release;
		};
/* End XCConfigurationList section */
	};
	rootObject = 726A201D2A9B03E20024C2CA /* Project object */;
}
